// !$*UTF8*$!
{
	archiveVersion = 1;
	classes = {
	};
	objectVersion = 46;
	objects = {

/* Begin PBXAggregateTarget section */
		516316AA788E4F4B835E65A8 /* ALL_BUILD */ = {
			isa = PBXAggregateTarget;
			buildConfigurationList = 879271EBABD64D228798FB05 /* Build configuration list for PBXAggregateTarget "ALL_BUILD" */;
			buildPhases = (
				EBBEAC1F8A024E70ACAC5EAC /* CMake Rules */,
			);
			dependencies = (
				72CF610C450B436EB43E5651 /* PBXTargetDependency */,
				2589C4B772624200820DF6E9 /* PBXTargetDependency */,
			);
			name = ALL_BUILD;
			productName = ALL_BUILD;
		};
		5E1B9B327DF249B59386AA41 /* ZERO_CHECK */ = {
			isa = PBXAggregateTarget;
			buildConfigurationList = BB168C734EC9426BB01C689D /* Build configuration list for PBXAggregateTarget "ZERO_CHECK" */;
			buildPhases = (
				1349B8CDCCCF42F09AED5FAD /* CMake Rules */,
			);
			dependencies = (
			);
			name = ZERO_CHECK;
			productName = ZERO_CHECK;
		};
/* End PBXAggregateTarget section */

/* Begin PBXBuildFile section */
		DFD2AC17DFDF44AEA547EB21 /* /Users/zhuda/Desktop/CamBoard_pico_flexx/libroyale/libroyale-1.0.5.40-APPLE-64Bit/samples/write/CMakeLists.txt */ = {isa = PBXBuildFile; fileRef = 449A84A5057D49A9BF7F6922 /* /Users/zhuda/Desktop/CamBoard_pico_flexx/libroyale/libroyale-1.0.5.40-APPLE-64Bit/samples/write/CMakeLists.txt */; settings = {COMPILER_FLAGS = ""; }; };
		FFA4D0F3B66F469EA3771661 /* /Users/zhuda/Desktop/CamBoard_pico_flexx/libroyale/libroyale-1.0.5.40-APPLE-64Bit/samples/write/pcd_write.cpp */ = {isa = PBXBuildFile; fileRef = 06183F24B76B41C9A79D767F /* /Users/zhuda/Desktop/CamBoard_pico_flexx/libroyale/libroyale-1.0.5.40-APPLE-64Bit/samples/write/pcd_write.cpp */; settings = {COMPILER_FLAGS = ""; }; };
/* End PBXBuildFile section */

/* Begin PBXBuildStyle section */
		09B2C7565B27483F99D1A89B /* Release */ = {
			isa = PBXBuildStyle;
			buildSettings = {
				COPY_PHASE_STRIP = NO;
			};
			name = Release;
		};
		1C8EA87610624386936B7EE9 /* RelWithDebInfo */ = {
			isa = PBXBuildStyle;
			buildSettings = {
				COPY_PHASE_STRIP = NO;
			};
			name = RelWithDebInfo;
		};
		58F022ED4C3A4678B3626DE2 /* Debug */ = {
			isa = PBXBuildStyle;
			buildSettings = {
				COPY_PHASE_STRIP = NO;
			};
			name = Debug;
		};
		91F9FB01BC894A3AB3E1EA07 /* MinSizeRel */ = {
			isa = PBXBuildStyle;
			buildSettings = {
				COPY_PHASE_STRIP = NO;
			};
			name = MinSizeRel;
		};
		D1A6100886174ECB90078DDD = {
			isa = PBXBuildStyle;
		};
/* End PBXBuildStyle section */

/* Begin PBXContainerItemProxy section */
		7A44D10A1EB040BF8683B9C2 /* PBXContainerItemProxy */ = {
			isa = PBXContainerItemProxy;
			containerPortal = 5A253278E38940A0B8774B89 /* Project object */;
			proxyType = 1;
			remoteGlobalIDString = A320AA228CCA4D68BD22CDE0;
			remoteInfo = pcd_write;
		};
		7AD50145F6AF46D491546512 /* PBXContainerItemProxy */ = {
			isa = PBXContainerItemProxy;
			containerPortal = 5A253278E38940A0B8774B89 /* Project object */;
			proxyType = 1;
			remoteGlobalIDString = 5E1B9B327DF249B59386AA41;
			remoteInfo = ZERO_CHECK;
		};
		B35E6BD5B71B47929EA6918F /* PBXContainerItemProxy */ = {
			isa = PBXContainerItemProxy;
			containerPortal = 5A253278E38940A0B8774B89 /* Project object */;
			proxyType = 1;
			remoteGlobalIDString = 5E1B9B327DF249B59386AA41;
			remoteInfo = ZERO_CHECK;
		};
/* End PBXContainerItemProxy section */

/* Begin PBXFileReference section */
		06183F24B76B41C9A79D767F /* /Users/zhuda/Desktop/CamBoard_pico_flexx/libroyale/libroyale-1.0.5.40-APPLE-64Bit/samples/write/pcd_write.cpp */ = {isa = PBXFileReference; explicitFileType = sourcecode.cpp.cpp; fileEncoding = 4; name = pcd_write.cpp; path = pcd_write.cpp; sourceTree = SOURCE_ROOT; };
		30ECDAC5428441319D98E845 /* /Users/zhuda/Desktop/CamBoard_pico_flexx/libroyale/libroyale-1.0.5.40-APPLE-64Bit/samples/write/CMakeLists.txt */ = {isa = PBXFileReference; explicitFileType = sourcecode.text; fileEncoding = 4; name = CMakeLists.txt; path = CMakeLists.txt; sourceTree = SOURCE_ROOT; };
		3ED0CFAA830C47A499C8E72C /* /Users/zhuda/Desktop/CamBoard_pico_flexx/libroyale/libroyale-1.0.5.40-APPLE-64Bit/samples/write/CMakeLists.txt */ = {isa = PBXFileReference; explicitFileType = sourcecode.text; fileEncoding = 4; name = CMakeLists.txt; path = CMakeLists.txt; sourceTree = SOURCE_ROOT; };
		449A84A5057D49A9BF7F6922 /* /Users/zhuda/Desktop/CamBoard_pico_flexx/libroyale/libroyale-1.0.5.40-APPLE-64Bit/samples/write/CMakeLists.txt */ = {isa = PBXFileReference; explicitFileType = sourcecode.text; fileEncoding = 4; name = CMakeLists.txt; path = CMakeLists.txt; sourceTree = SOURCE_ROOT; };
		88FF6E189DD2488C91D3ED5A /* pcd_write */ = {isa = PBXFileReference; explicitFileType = "compiled.mach-o.executable"; path = pcd_write; refType = 0; sourceTree = BUILT_PRODUCTS_DIR; };
/* End PBXFileReference section */

/* Begin PBXGroup section */
		22CC1B72AF134B6FBA1D2CDE /* Resources */ = {
			isa = PBXGroup;
			children = (
			);
			name = Resources;
			sourceTree = "<group>";
		};
		351CB42562DF471BA57303C8 /* ALL_BUILD */ = {
			isa = PBXGroup;
			children = (
				B57DDC73077F4AB1B0CC5485 /* CMake Rules */,
				3ED0CFAA830C47A499C8E72C /* /Users/zhuda/Desktop/CamBoard_pico_flexx/libroyale/libroyale-1.0.5.40-APPLE-64Bit/samples/write/CMakeLists.txt */,
			);
			name = ALL_BUILD;
			sourceTree = "<group>";
		};
		3588729E5AAF4881954CD1CB /* pcd_write */ = {
			isa = PBXGroup;
			children = (
				B16590F167C649A48A41624F /* Source Files */,
				449A84A5057D49A9BF7F6922 /* /Users/zhuda/Desktop/CamBoard_pico_flexx/libroyale/libroyale-1.0.5.40-APPLE-64Bit/samples/write/CMakeLists.txt */,
			);
			name = pcd_write;
			sourceTree = "<group>";
		};
		435B552C8CF44B959A87C15E /* Products */ = {
			isa = PBXGroup;
			children = (
				88FF6E189DD2488C91D3ED5A /* pcd_write */,
			);
			name = Products;
			sourceTree = "<group>";
		};
		79B630CDCF654553894A8243 /* CMake Rules */ = {
			isa = PBXGroup;
			children = (
			);
			name = "CMake Rules";
			sourceTree = "<group>";
		};
		B16590F167C649A48A41624F /* Source Files */ = {
			isa = PBXGroup;
			children = (
				06183F24B76B41C9A79D767F /* /Users/zhuda/Desktop/CamBoard_pico_flexx/libroyale/libroyale-1.0.5.40-APPLE-64Bit/samples/write/pcd_write.cpp */,
			);
			name = "Source Files";
			sourceTree = "<group>";
		};
		B34FD40C56E34F99B94C35CB = {
			isa = PBXGroup;
			children = (
				C95C990AE4624772856EF65A /* Sources */,
				22CC1B72AF134B6FBA1D2CDE /* Resources */,
				435B552C8CF44B959A87C15E /* Products */,
			);
			sourceTree = "<group>";
		};
		B57DDC73077F4AB1B0CC5485 /* CMake Rules */ = {
			isa = PBXGroup;
			children = (
			);
			name = "CMake Rules";
			sourceTree = "<group>";
		};
		C3B3FCF5E005408880DA8905 /* ZERO_CHECK */ = {
			isa = PBXGroup;
			children = (
				79B630CDCF654553894A8243 /* CMake Rules */,
				30ECDAC5428441319D98E845 /* /Users/zhuda/Desktop/CamBoard_pico_flexx/libroyale/libroyale-1.0.5.40-APPLE-64Bit/samples/write/CMakeLists.txt */,
			);
			name = ZERO_CHECK;
			sourceTree = "<group>";
		};
		C95C990AE4624772856EF65A /* Sources */ = {
			isa = PBXGroup;
			children = (
				C3B3FCF5E005408880DA8905 /* ZERO_CHECK */,
				351CB42562DF471BA57303C8 /* ALL_BUILD */,
				3588729E5AAF4881954CD1CB /* pcd_write */,
			);
			name = Sources;
			sourceTree = "<group>";
		};
/* End PBXGroup section */

/* Begin PBXNativeTarget section */
		A320AA228CCA4D68BD22CDE0 /* pcd_write */ = {
			isa = PBXNativeTarget;
			buildConfigurationList = 52F7D499960B47DBBDE6A3B6 /* Build configuration list for PBXNativeTarget "pcd_write" */;
			buildPhases = (
				B345FD1098904556AD5F96AE /* Sources */,
			);
			buildRules = (
			);
			dependencies = (
				F164926A9A48441D82046515 /* PBXTargetDependency */,
			);
			name = pcd_write;
			productName = pcd_write;
			productReference = 88FF6E189DD2488C91D3ED5A /* pcd_write */;
			productType = "com.apple.product-type.tool";
		};
/* End PBXNativeTarget section */

/* Begin PBXProject section */
		5A253278E38940A0B8774B89 /* Project object */ = {
			isa = PBXProject;
			attributes = {
				BuildIndependentTargetsInParallel = YES;
			};
			buildConfigurationList = A2E744F3561E423EACED07AB /* Build configuration list for PBXProject "pcd_write" */;
			buildSettings = {
			};
			buildStyles = (
				58F022ED4C3A4678B3626DE2 /* Debug */,
				09B2C7565B27483F99D1A89B /* Release */,
				91F9FB01BC894A3AB3E1EA07 /* MinSizeRel */,
				1C8EA87610624386936B7EE9 /* RelWithDebInfo */,
			);
			compatibilityVersion = "Xcode 3.2";
			hasScannedForEncodings = 0;
			mainGroup = B34FD40C56E34F99B94C35CB;
			projectDirPath = .;
			projectRoot = "";
			targets = (
				516316AA788E4F4B835E65A8 /* ALL_BUILD */,
				5E1B9B327DF249B59386AA41 /* ZERO_CHECK */,
				A320AA228CCA4D68BD22CDE0 /* pcd_write */,
			);
		};
/* End PBXProject section */

/* Begin PBXShellScriptBuildPhase section */
		1349B8CDCCCF42F09AED5FAD /* CMake Rules */ = {
			isa = PBXShellScriptBuildPhase;
			buildActionMask = 2147483647;
			files = (
			);
			name = "CMake Rules";
			runOnlyForDeploymentPostprocessing = 0;
			shellPath = /bin/sh;
			shellScript = "make -C /Users/zhuda/Desktop/CamBoard_pico_flexx/libroyale/libroyale-1.0.5.40-APPLE-64Bit/samples/write -f /Users/zhuda/Desktop/CamBoard_pico_flexx/libroyale/libroyale-1.0.5.40-APPLE-64Bit/samples/write/CMakeScripts/ZERO_CHECK_cmakeRulesBuildPhase.make$CONFIGURATION all";
			showEnvVarsInLog = 0;
		};
		3512E3F55B6C4FD3A5B4E3D6 = {
			isa = PBXShellScriptBuildPhase;
			buildActionMask = 2147483647;
			files = (
			);
			inputPaths = (
			);
			outputPaths = (
			);
			runOnlyForDeploymentPostprocessing = 0;
			shellPath = /bin/sh;
			shellScript = "# shell script goes here
exit 0";
			showEnvVarsInLog = 0;
		};
		7EC10FEF9BCC4BD390980D40 = {
			isa = PBXShellScriptBuildPhase;
			buildActionMask = 2147483647;
			files = (
			);
			inputPaths = (
			);
			outputPaths = (
			);
			runOnlyForDeploymentPostprocessing = 0;
			shellPath = /bin/sh;
			shellScript = "# shell script goes here
exit 0";
			showEnvVarsInLog = 0;
		};
		EBBEAC1F8A024E70ACAC5EAC /* CMake Rules */ = {
			isa = PBXShellScriptBuildPhase;
			buildActionMask = 2147483647;
			files = (
			);
			name = "CMake Rules";
			runOnlyForDeploymentPostprocessing = 0;
			shellPath = /bin/sh;
			shellScript = "make -C /Users/zhuda/Desktop/CamBoard_pico_flexx/libroyale/libroyale-1.0.5.40-APPLE-64Bit/samples/write -f /Users/zhuda/Desktop/CamBoard_pico_flexx/libroyale/libroyale-1.0.5.40-APPLE-64Bit/samples/write/CMakeScripts/ALL_BUILD_cmakeRulesBuildPhase.make$CONFIGURATION all";
			showEnvVarsInLog = 0;
		};
/* End PBXShellScriptBuildPhase section */

/* Begin PBXSourcesBuildPhase section */
		B345FD1098904556AD5F96AE /* Sources */ = {
			isa = PBXSourcesBuildPhase;
			buildActionMask = 2147483647;
			files = (
				FFA4D0F3B66F469EA3771661 /* /Users/zhuda/Desktop/CamBoard_pico_flexx/libroyale/libroyale-1.0.5.40-APPLE-64Bit/samples/write/pcd_write.cpp */,
			);
			runOnlyForDeploymentPostprocessing = 0;
		};
/* End PBXSourcesBuildPhase section */

/* Begin PBXTargetDependency section */
		2589C4B772624200820DF6E9 /* PBXTargetDependency */ = {
			isa = PBXTargetDependency;
			target = A320AA228CCA4D68BD22CDE0 /* pcd_write */;
			targetProxy = 7A44D10A1EB040BF8683B9C2 /* PBXContainerItemProxy */;
		};
		72CF610C450B436EB43E5651 /* PBXTargetDependency */ = {
			isa = PBXTargetDependency;
			target = 5E1B9B327DF249B59386AA41 /* ZERO_CHECK */;
			targetProxy = B35E6BD5B71B47929EA6918F /* PBXContainerItemProxy */;
		};
		F164926A9A48441D82046515 /* PBXTargetDependency */ = {
			isa = PBXTargetDependency;
			target = 5E1B9B327DF249B59386AA41 /* ZERO_CHECK */;
			targetProxy = 7AD50145F6AF46D491546512 /* PBXContainerItemProxy */;
		};
/* End PBXTargetDependency section */

/* Begin XCBuildConfiguration section */
		0536E81885734632869038EF /* Release */ = {
			isa = XCBuildConfiguration;
			buildSettings = {
				COMBINE_HIDPI_IMAGES = YES;
				EXECUTABLE_PREFIX = "";
				EXECUTABLE_SUFFIX = "";
				GCC_GENERATE_DEBUGGING_SYMBOLS = NO;
				GCC_INLINES_ARE_PRIVATE_EXTERN = NO;
				GCC_OPTIMIZATION_LEVEL = 3;
				GCC_PREPROCESSOR_DEFINITIONS = ("'CMAKE_INTDIR=\"$(CONFIGURATION)$(EFFECTIVE_PLATFORM_NAME)\"'", DISABLE_OPENNI2, DISABLE_ENSENSO, DISABLE_DAVIDSDK, DISABLE_DSSDK, DISABLE_PCAP, DISABLE_PNG, DISABLE_LIBUSB_1_0, DISABLE_RSSDK, EIGEN_USE_NEW_STDVECTOR, EIGEN_YES_I_KNOW_SPARSE_MODULE_IS_NOT_STABLE_YET, FLANN_STATIC, qh_QHpointer, );
				GCC_SYMBOLS_PRIVATE_EXTERN = NO;
				HEADER_SEARCH_PATHS = ("/opt/local/include/vtk-5.10", "/usr/local/include/pcl-1.8", /opt/local/include/eigen3, /opt/local/include, /usr/include/ni, );
				INSTALL_PATH = "";
				LD_RUNPATH_SEARCH_PATHS = /usr/local/lib;
				LIBRARY_SEARCH_PATHS = " /usr/local/lib/$(CONFIGURATION)$(EFFECTIVE_PLATFORM_NAME) /usr/local/lib";
				OTHER_CPLUSPLUSFLAGS = "  -Wno-deprecated -Wall -Wsign-compare -Wuninitialized -Wunused -Wno-deprecated-declarations -std=c++11  -Wno-deprecated -Wall -Wsign-compare -Wuninitialized -Wunused -Wno-deprecated-declarations -std=c++11      -DNDEBUG  ";
				OTHER_LDFLAGS = "  -Wl,-search_paths_first -Wl,-headerpad_max_install_names  /opt/local/lib/libboost_system-mt.dylib /opt/local/lib/libboost_filesystem-mt.dylib /opt/local/lib/libboost_thread-mt.dylib /opt/local/lib/libboost_date_time-mt.dylib /opt/local/lib/libboost_iostreams-mt.dylib /opt/local/lib/libboost_serialization-mt.dylib /usr/local/lib/libpcl_common.dylib /usr/local/lib/libpcl_octree.dylib /usr/lib/libOpenNI.dylib /usr/local/lib/libpcl_io.dylib /opt/local/lib/libflann_cpp_s.a /usr/local/lib/libpcl_kdtree.dylib /usr/local/lib/libpcl_search.dylib /usr/local/lib/libpcl_sample_consensus.dylib /usr/local/lib/libpcl_filters.dylib /usr/local/lib/libpcl_features.dylib /usr/local/lib/libpcl_ml.dylib /usr/local/lib/libpcl_segmentation.dylib /usr/local/lib/libpcl_visualization.dylib /opt/local/lib/libqhull_p.dylib /usr/local/lib/libpcl_surface.dylib /usr/local/lib/libpcl_registration.dylib /usr/local/lib/libpcl_keypoints.dylib /usr/local/lib/libpcl_tracking.dylib /usr/local/lib/libpcl_recognition.dylib /usr/local/lib/libpcl_stereo.dylib /usr/local/lib/libpcl_outofcore.dylib /usr/local/lib/libpcl_people.dylib /opt/local/lib/libboost_system-mt.dylib /opt/local/lib/libboost_filesystem-mt.dylib /opt/local/lib/libboost_thread-mt.dylib /opt/local/lib/libboost_date_time-mt.dylib /opt/local/lib/libboost_iostreams-mt.dylib /opt/local/lib/libboost_serialization-mt.dylib /opt/local/lib/libqhull_p.dylib /usr/lib/libOpenNI.dylib /opt/local/lib/libflann_cpp_s.a /opt/local/lib/vtk-5.10/libvtkGenericFiltering.5.10.1.dylib /opt/local/lib/vtk-5.10/libvtkGeovis.5.10.1.dylib /opt/local/lib/vtk-5.10/libvtkCharts.5.10.1.dylib /usr/local/lib/libpcl_common.dylib /usr/local/lib/libpcl_octree.dylib /usr/local/lib/libpcl_io.dylib /usr/local/lib/libpcl_kdtree.dylib /usr/local/lib/libpcl_search.dylib /usr/local/lib/libpcl_sample_consensus.dylib /usr/local/lib/libpcl_filters.dylib /usr/local/lib/libpcl_features.dylib /usr/local/lib/libpcl_ml.dylib /usr/local/lib/libpcl_segmentation.dylib /usr/local/lib/libpcl_visualization.dylib /usr/local/lib/libpcl_surface.dylib /usr/local/lib/libpcl_registration.dylib /usr/local/lib/libpcl_keypoints.dylib /usr/local/lib/libpcl_tracking.dylib /usr/local/lib/libpcl_recognition.dylib /usr/local/lib/libpcl_stereo.dylib /usr/local/lib/libpcl_outofcore.dylib /usr/local/lib/libpcl_people.dylib /opt/local/lib/vtk-5.10/libvtkViews.5.10.1.dylib /opt/local/lib/vtk-5.10/libvtkInfovis.5.10.1.dylib /opt/local/lib/vtk-5.10/libvtkWidgets.5.10.1.dylib /opt/local/lib/vtk-5.10/libvtkVolumeRendering.5.10.1.dylib /opt/local/lib/vtk-5.10/libvtkHybrid.5.10.1.dylib /opt/local/lib/vtk-5.10/libvtkRendering.5.10.1.dylib /opt/local/lib/vtk-5.10/libvtkImaging.5.10.1.dylib /opt/local/lib/vtk-5.10/libvtkGraphics.5.10.1.dylib /opt/local/lib/vtk-5.10/libvtkIO.5.10.1.dylib /opt/local/lib/vtk-5.10/libvtkFiltering.5.10.1.dylib /opt/local/lib/vtk-5.10/libvtkCommon.5.10.1.dylib /opt/local/lib/vtk-5.10/libvtksys.5.10.1.dylib -lobjc -lm /opt/local/libexec/qt4/lib/libQtGui.dylib /opt/local/libexec/qt4/lib/libQtSql.dylib /opt/local/libexec/qt4/lib/libQtCore.dylib";
				OTHER_REZFLAGS = "";
				PRODUCT_NAME = pcd_write;
				SECTORDER_FLAGS = "";
				SYMROOT = "/Users/zhuda/Desktop/CamBoard_pico_flexx/libroyale/libroyale-1.0.5.40-APPLE-64Bit/samples/write";
				USE_HEADERMAP = NO;
				WARNING_CFLAGS = ("-Wmost", "-Wno-four-char-constants", "-Wno-unknown-pragmas", "$(inherited)", );
			};
			name = Release;
		};
		0C5037CBECC94198A1152A71 /* MinSizeRel */ = {
			isa = XCBuildConfiguration;
			buildSettings = {
				MACOSX_DEPLOYMENT_TARGET = 10.10;
				ONLY_ACTIVE_ARCH = YES;
				SDKROOT = /Applications/Xcode.app/Contents/Developer/Platforms/MacOSX.platform/Developer/SDKs/MacOSX10.11.sdk;
				SYMROOT = "/Users/zhuda/Desktop/CamBoard_pico_flexx/libroyale/libroyale-1.0.5.40-APPLE-64Bit/samples/write/build";
			};
			name = MinSizeRel;
		};
		3712F2447F9F452D81E34FDB /* Release */ = {
			isa = XCBuildConfiguration;
			buildSettings = {
				MACOSX_DEPLOYMENT_TARGET = 10.10;
				ONLY_ACTIVE_ARCH = YES;
				SDKROOT = /Applications/Xcode.app/Contents/Developer/Platforms/MacOSX.platform/Developer/SDKs/MacOSX10.11.sdk;
				SYMROOT = "/Users/zhuda/Desktop/CamBoard_pico_flexx/libroyale/libroyale-1.0.5.40-APPLE-64Bit/samples/write/build";
			};
			name = Release;
		};
		38E182C206FD46F6BD94A885 /* Debug */ = {
			isa = XCBuildConfiguration;
			buildSettings = {
				COMBINE_HIDPI_IMAGES = YES;
				GCC_GENERATE_DEBUGGING_SYMBOLS = YES;
				GCC_INLINES_ARE_PRIVATE_EXTERN = NO;
				GCC_OPTIMIZATION_LEVEL = 0;
				GCC_PREPROCESSOR_DEFINITIONS = ("'CMAKE_INTDIR=\"$(CONFIGURATION)$(EFFECTIVE_PLATFORM_NAME)\"'", );
				GCC_SYMBOLS_PRIVATE_EXTERN = NO;
				HEADER_SEARCH_PATHS = ("/opt/local/include/vtk-5.10", "/usr/local/include/pcl-1.8", /opt/local/include/eigen3, /opt/local/include, /usr/include/ni, );
				INSTALL_PATH = "";
				OTHER_LDFLAGS = " ";
				OTHER_REZFLAGS = "";
				PRODUCT_NAME = ZERO_CHECK;
				SECTORDER_FLAGS = "";
				SYMROOT = "/Users/zhuda/Desktop/CamBoard_pico_flexx/libroyale/libroyale-1.0.5.40-APPLE-64Bit/samples/write";
				USE_HEADERMAP = NO;
				WARNING_CFLAGS = ("-Wmost", "-Wno-four-char-constants", "-Wno-unknown-pragmas", "$(inherited)", );
			};
			name = Debug;
		};
		461CEFF949A049BDB4E87861 /* MinSizeRel */ = {
			isa = XCBuildConfiguration;
			buildSettings = {
				COMBINE_HIDPI_IMAGES = YES;
				GCC_GENERATE_DEBUGGING_SYMBOLS = YES;
				GCC_INLINES_ARE_PRIVATE_EXTERN = NO;
				GCC_OPTIMIZATION_LEVEL = 0;
				GCC_PREPROCESSOR_DEFINITIONS = ("'CMAKE_INTDIR=\"$(CONFIGURATION)$(EFFECTIVE_PLATFORM_NAME)\"'", );
				GCC_SYMBOLS_PRIVATE_EXTERN = NO;
				HEADER_SEARCH_PATHS = ("/opt/local/include/vtk-5.10", "/usr/local/include/pcl-1.8", /opt/local/include/eigen3, /opt/local/include, /usr/include/ni, );
				INSTALL_PATH = "";
				OTHER_LDFLAGS = " ";
				OTHER_REZFLAGS = "";
				PRODUCT_NAME = ALL_BUILD;
				SECTORDER_FLAGS = "";
				SYMROOT = "/Users/zhuda/Desktop/CamBoard_pico_flexx/libroyale/libroyale-1.0.5.40-APPLE-64Bit/samples/write";
				USE_HEADERMAP = NO;
				WARNING_CFLAGS = ("-Wmost", "-Wno-four-char-constants", "-Wno-unknown-pragmas", "$(inherited)", );
			};
			name = MinSizeRel;
		};
		5EE5F45371F1425E8831AEC7 /* Debug */ = {
			isa = XCBuildConfiguration;
			buildSettings = {
				MACOSX_DEPLOYMENT_TARGET = 10.10;
				ONLY_ACTIVE_ARCH = YES;
				SDKROOT = /Applications/Xcode.app/Contents/Developer/Platforms/MacOSX.platform/Developer/SDKs/MacOSX10.11.sdk;
				SYMROOT = "/Users/zhuda/Desktop/CamBoard_pico_flexx/libroyale/libroyale-1.0.5.40-APPLE-64Bit/samples/write/build";
			};
			name = Debug;
		};
		65A945A439614C7A85FCC606 /* RelWithDebInfo */ = {
			isa = XCBuildConfiguration;
			buildSettings = {
				COMBINE_HIDPI_IMAGES = YES;
				EXECUTABLE_PREFIX = "";
				EXECUTABLE_SUFFIX = "";
				GCC_GENERATE_DEBUGGING_SYMBOLS = YES;
				GCC_INLINES_ARE_PRIVATE_EXTERN = NO;
				GCC_OPTIMIZATION_LEVEL = 2;
				GCC_PREPROCESSOR_DEFINITIONS = ("'CMAKE_INTDIR=\"$(CONFIGURATION)$(EFFECTIVE_PLATFORM_NAME)\"'", DISABLE_OPENNI2, DISABLE_ENSENSO, DISABLE_DAVIDSDK, DISABLE_DSSDK, DISABLE_PCAP, DISABLE_PNG, DISABLE_LIBUSB_1_0, DISABLE_RSSDK, EIGEN_USE_NEW_STDVECTOR, EIGEN_YES_I_KNOW_SPARSE_MODULE_IS_NOT_STABLE_YET, FLANN_STATIC, qh_QHpointer, );
				GCC_SYMBOLS_PRIVATE_EXTERN = NO;
				HEADER_SEARCH_PATHS = ("/opt/local/include/vtk-5.10", "/usr/local/include/pcl-1.8", /opt/local/include/eigen3, /opt/local/include, /usr/include/ni, );
				INSTALL_PATH = "";
				LD_RUNPATH_SEARCH_PATHS = /usr/local/lib;
				LIBRARY_SEARCH_PATHS = " /usr/local/lib/$(CONFIGURATION)$(EFFECTIVE_PLATFORM_NAME) /usr/local/lib";
				OTHER_CPLUSPLUSFLAGS = "  -Wno-deprecated -Wall -Wsign-compare -Wuninitialized -Wunused -Wno-deprecated-declarations -std=c++11  -Wno-deprecated -Wall -Wsign-compare -Wuninitialized -Wunused -Wno-deprecated-declarations -std=c++11         -DNDEBUG  ";
				OTHER_LDFLAGS = "  -Wl,-search_paths_first -Wl,-headerpad_max_install_names  /opt/local/lib/libboost_system-mt.dylib /opt/local/lib/libboost_filesystem-mt.dylib /opt/local/lib/libboost_thread-mt.dylib /opt/local/lib/libboost_date_time-mt.dylib /opt/local/lib/libboost_iostreams-mt.dylib /opt/local/lib/libboost_serialization-mt.dylib /usr/local/lib/libpcl_common.dylib /usr/local/lib/libpcl_octree.dylib /usr/lib/libOpenNI.dylib /usr/local/lib/libpcl_io.dylib /opt/local/lib/libflann_cpp_s.a /usr/local/lib/libpcl_kdtree.dylib /usr/local/lib/libpcl_search.dylib /usr/local/lib/libpcl_sample_consensus.dylib /usr/local/lib/libpcl_filters.dylib /usr/local/lib/libpcl_features.dylib /usr/local/lib/libpcl_ml.dylib /usr/local/lib/libpcl_segmentation.dylib /usr/local/lib/libpcl_visualization.dylib /opt/local/lib/libqhull_p.dylib /usr/local/lib/libpcl_surface.dylib /usr/local/lib/libpcl_registration.dylib /usr/local/lib/libpcl_keypoints.dylib /usr/local/lib/libpcl_tracking.dylib /usr/local/lib/libpcl_recognition.dylib /usr/local/lib/libpcl_stereo.dylib /usr/local/lib/libpcl_outofcore.dylib /usr/local/lib/libpcl_people.dylib /opt/local/lib/libboost_system-mt.dylib /opt/local/lib/libboost_filesystem-mt.dylib /opt/local/lib/libboost_thread-mt.dylib /opt/local/lib/libboost_date_time-mt.dylib /opt/local/lib/libboost_iostreams-mt.dylib /opt/local/lib/libboost_serialization-mt.dylib /opt/local/lib/libqhull_p.dylib /usr/lib/libOpenNI.dylib /opt/local/lib/libflann_cpp_s.a /opt/local/lib/vtk-5.10/libvtkGenericFiltering.5.10.1.dylib /opt/local/lib/vtk-5.10/libvtkGeovis.5.10.1.dylib /opt/local/lib/vtk-5.10/libvtkCharts.5.10.1.dylib /usr/local/lib/libpcl_common.dylib /usr/local/lib/libpcl_octree.dylib /usr/local/lib/libpcl_io.dylib /usr/local/lib/libpcl_kdtree.dylib /usr/local/lib/libpcl_search.dylib /usr/local/lib/libpcl_sample_consensus.dylib /usr/local/lib/libpcl_filters.dylib /usr/local/lib/libpcl_features.dylib /usr/local/lib/libpcl_ml.dylib /usr/local/lib/libpcl_segmentation.dylib /usr/local/lib/libpcl_visualization.dylib /usr/local/lib/libpcl_surface.dylib /usr/local/lib/libpcl_registration.dylib /usr/local/lib/libpcl_keypoints.dylib /usr/local/lib/libpcl_tracking.dylib /usr/local/lib/libpcl_recognition.dylib /usr/local/lib/libpcl_stereo.dylib /usr/local/lib/libpcl_outofcore.dylib /usr/local/lib/libpcl_people.dylib /opt/local/lib/vtk-5.10/libvtkViews.5.10.1.dylib /opt/local/lib/vtk-5.10/libvtkInfovis.5.10.1.dylib /opt/local/lib/vtk-5.10/libvtkWidgets.5.10.1.dylib /opt/local/lib/vtk-5.10/libvtkVolumeRendering.5.10.1.dylib /opt/local/lib/vtk-5.10/libvtkHybrid.5.10.1.dylib /opt/local/lib/vtk-5.10/libvtkRendering.5.10.1.dylib /opt/local/lib/vtk-5.10/libvtkImaging.5.10.1.dylib /opt/local/lib/vtk-5.10/libvtkGraphics.5.10.1.dylib /opt/local/lib/vtk-5.10/libvtkIO.5.10.1.dylib /opt/local/lib/vtk-5.10/libvtkFiltering.5.10.1.dylib /opt/local/lib/vtk-5.10/libvtkCommon.5.10.1.dylib /opt/local/lib/vtk-5.10/libvtksys.5.10.1.dylib -lobjc -lm /opt/local/libexec/qt4/lib/libQtGui.dylib /opt/local/libexec/qt4/lib/libQtSql.dylib /opt/local/libexec/qt4/lib/libQtCore.dylib";
				OTHER_REZFLAGS = "";
				PRODUCT_NAME = pcd_write;
				SECTORDER_FLAGS = "";
				SYMROOT = "/Users/zhuda/Desktop/CamBoard_pico_flexx/libroyale/libroyale-1.0.5.40-APPLE-64Bit/samples/write";
				USE_HEADERMAP = NO;
				WARNING_CFLAGS = ("-Wmost", "-Wno-four-char-constants", "-Wno-unknown-pragmas", "$(inherited)", );
			};
			name = RelWithDebInfo;
		};
		77EB3795DD2D4EBCA8BDC8A5 /* Debug */ = {
			isa = XCBuildConfiguration;
			buildSettings = {
				COMBINE_HIDPI_IMAGES = YES;
				GCC_GENERATE_DEBUGGING_SYMBOLS = YES;
				GCC_INLINES_ARE_PRIVATE_EXTERN = NO;
				GCC_OPTIMIZATION_LEVEL = 0;
				GCC_PREPROCESSOR_DEFINITIONS = ("'CMAKE_INTDIR=\"$(CONFIGURATION)$(EFFECTIVE_PLATFORM_NAME)\"'", );
				GCC_SYMBOLS_PRIVATE_EXTERN = NO;
				HEADER_SEARCH_PATHS = ("/opt/local/include/vtk-5.10", "/usr/local/include/pcl-1.8", /opt/local/include/eigen3, /opt/local/include, /usr/include/ni, );
				INSTALL_PATH = "";
				OTHER_LDFLAGS = " ";
				OTHER_REZFLAGS = "";
				PRODUCT_NAME = ALL_BUILD;
				SECTORDER_FLAGS = "";
				SYMROOT = "/Users/zhuda/Desktop/CamBoard_pico_flexx/libroyale/libroyale-1.0.5.40-APPLE-64Bit/samples/write";
				USE_HEADERMAP = NO;
				WARNING_CFLAGS = ("-Wmost", "-Wno-four-char-constants", "-Wno-unknown-pragmas", "$(inherited)", );
			};
			name = Debug;
		};
		78C6FBB1E4694FD7AB03416C /* RelWithDebInfo */ = {
			isa = XCBuildConfiguration;
			buildSettings = {
				MACOSX_DEPLOYMENT_TARGET = 10.10;
				ONLY_ACTIVE_ARCH = YES;
				SDKROOT = /Applications/Xcode.app/Contents/Developer/Platforms/MacOSX.platform/Developer/SDKs/MacOSX10.11.sdk;
				SYMROOT = "/Users/zhuda/Desktop/CamBoard_pico_flexx/libroyale/libroyale-1.0.5.40-APPLE-64Bit/samples/write/build";
			};
			name = RelWithDebInfo;
		};
		7D935796AFA846FCB132B58E /* MinSizeRel */ = {
			isa = XCBuildConfiguration;
			buildSettings = {
				COMBINE_HIDPI_IMAGES = YES;
				GCC_GENERATE_DEBUGGING_SYMBOLS = YES;
				GCC_INLINES_ARE_PRIVATE_EXTERN = NO;
				GCC_OPTIMIZATION_LEVEL = 0;
				GCC_PREPROCESSOR_DEFINITIONS = ("'CMAKE_INTDIR=\"$(CONFIGURATION)$(EFFECTIVE_PLATFORM_NAME)\"'", );
				GCC_SYMBOLS_PRIVATE_EXTERN = NO;
				HEADER_SEARCH_PATHS = ("/opt/local/include/vtk-5.10", "/usr/local/include/pcl-1.8", /opt/local/include/eigen3, /opt/local/include, /usr/include/ni, );
				INSTALL_PATH = "";
				OTHER_LDFLAGS = " ";
				OTHER_REZFLAGS = "";
				PRODUCT_NAME = ZERO_CHECK;
				SECTORDER_FLAGS = "";
				SYMROOT = "/Users/zhuda/Desktop/CamBoard_pico_flexx/libroyale/libroyale-1.0.5.40-APPLE-64Bit/samples/write";
				USE_HEADERMAP = NO;
				WARNING_CFLAGS = ("-Wmost", "-Wno-four-char-constants", "-Wno-unknown-pragmas", "$(inherited)", );
			};
			name = MinSizeRel;
		};
		82C9941FCFB74DAD85B2796F /* Debug */ = {
			isa = XCBuildConfiguration;
			buildSettings = {
				COMBINE_HIDPI_IMAGES = YES;
				EXECUTABLE_PREFIX = "";
				EXECUTABLE_SUFFIX = "";
				GCC_GENERATE_DEBUGGING_SYMBOLS = YES;
				GCC_INLINES_ARE_PRIVATE_EXTERN = NO;
				GCC_OPTIMIZATION_LEVEL = 0;
				GCC_PREPROCESSOR_DEFINITIONS = ("'CMAKE_INTDIR=\"$(CONFIGURATION)$(EFFECTIVE_PLATFORM_NAME)\"'", DISABLE_OPENNI2, DISABLE_ENSENSO, DISABLE_DAVIDSDK, DISABLE_DSSDK, DISABLE_PCAP, DISABLE_PNG, DISABLE_LIBUSB_1_0, DISABLE_RSSDK, EIGEN_USE_NEW_STDVECTOR, EIGEN_YES_I_KNOW_SPARSE_MODULE_IS_NOT_STABLE_YET, FLANN_STATIC, qh_QHpointer, );
				GCC_SYMBOLS_PRIVATE_EXTERN = NO;
				HEADER_SEARCH_PATHS = ("/opt/local/include/vtk-5.10", "/usr/local/include/pcl-1.8", /opt/local/include/eigen3, /opt/local/include, /usr/include/ni, );
				INSTALL_PATH = "";
				LD_RUNPATH_SEARCH_PATHS = /usr/local/lib;
				LIBRARY_SEARCH_PATHS = " /usr/local/lib/$(CONFIGURATION)$(EFFECTIVE_PLATFORM_NAME) /usr/local/lib";
				OTHER_CPLUSPLUSFLAGS = "  -Wno-deprecated -Wall -Wsign-compare -Wuninitialized -Wunused -Wno-deprecated-declarations -std=c++11  -Wno-deprecated -Wall -Wsign-compare -Wuninitialized -Wunused -Wno-deprecated-declarations -std=c++11      ";
				OTHER_LDFLAGS = "  -Wl,-search_paths_first -Wl,-headerpad_max_install_names  /opt/local/lib/libboost_system-mt.dylib /opt/local/lib/libboost_filesystem-mt.dylib /opt/local/lib/libboost_thread-mt.dylib /opt/local/lib/libboost_date_time-mt.dylib /opt/local/lib/libboost_iostreams-mt.dylib /opt/local/lib/libboost_serialization-mt.dylib /usr/local/lib/libpcl_common.dylib /usr/local/lib/libpcl_octree.dylib /usr/lib/libOpenNI.dylib /usr/local/lib/libpcl_io.dylib /opt/local/lib/libflann_cpp_s.a /usr/local/lib/libpcl_kdtree.dylib /usr/local/lib/libpcl_search.dylib /usr/local/lib/libpcl_sample_consensus.dylib /usr/local/lib/libpcl_filters.dylib /usr/local/lib/libpcl_features.dylib /usr/local/lib/libpcl_ml.dylib /usr/local/lib/libpcl_segmentation.dylib /usr/local/lib/libpcl_visualization.dylib /opt/local/lib/libqhull_p.dylib /usr/local/lib/libpcl_surface.dylib /usr/local/lib/libpcl_registration.dylib /usr/local/lib/libpcl_keypoints.dylib /usr/local/lib/libpcl_tracking.dylib /usr/local/lib/libpcl_recognition.dylib /usr/local/lib/libpcl_stereo.dylib /usr/local/lib/libpcl_outofcore.dylib /usr/local/lib/libpcl_people.dylib /opt/local/lib/libboost_system-mt.dylib /opt/local/lib/libboost_filesystem-mt.dylib /opt/local/lib/libboost_thread-mt.dylib /opt/local/lib/libboost_date_time-mt.dylib /opt/local/lib/libboost_iostreams-mt.dylib /opt/local/lib/libboost_serialization-mt.dylib /opt/local/lib/libqhull_p.dylib /usr/lib/libOpenNI.dylib /opt/local/lib/libflann_cpp_s.a /opt/local/lib/vtk-5.10/libvtkGenericFiltering.5.10.1.dylib /opt/local/lib/vtk-5.10/libvtkGeovis.5.10.1.dylib /opt/local/lib/vtk-5.10/libvtkCharts.5.10.1.dylib /usr/local/lib/libpcl_common.dylib /usr/local/lib/libpcl_octree.dylib /usr/local/lib/libpcl_io.dylib /usr/local/lib/libpcl_kdtree.dylib /usr/local/lib/libpcl_search.dylib /usr/local/lib/libpcl_sample_consensus.dylib /usr/local/lib/libpcl_filters.dylib /usr/local/lib/libpcl_features.dylib /usr/local/lib/libpcl_ml.dylib /usr/local/lib/libpcl_segmentation.dylib /usr/local/lib/libpcl_visualization.dylib /usr/local/lib/libpcl_surface.dylib /usr/local/lib/libpcl_registration.dylib /usr/local/lib/libpcl_keypoints.dylib /usr/local/lib/libpcl_tracking.dylib /usr/local/lib/libpcl_recognition.dylib /usr/local/lib/libpcl_stereo.dylib /usr/local/lib/libpcl_outofcore.dylib /usr/local/lib/libpcl_people.dylib /opt/local/lib/vtk-5.10/libvtkViews.5.10.1.dylib /opt/local/lib/vtk-5.10/libvtkInfovis.5.10.1.dylib /opt/local/lib/vtk-5.10/libvtkWidgets.5.10.1.dylib /opt/local/lib/vtk-5.10/libvtkVolumeRendering.5.10.1.dylib /opt/local/lib/vtk-5.10/libvtkHybrid.5.10.1.dylib /opt/local/lib/vtk-5.10/libvtkRendering.5.10.1.dylib /opt/local/lib/vtk-5.10/libvtkImaging.5.10.1.dylib /opt/local/lib/vtk-5.10/libvtkGraphics.5.10.1.dylib /opt/local/lib/vtk-5.10/libvtkIO.5.10.1.dylib /opt/local/lib/vtk-5.10/libvtkFiltering.5.10.1.dylib /opt/local/lib/vtk-5.10/libvtkCommon.5.10.1.dylib /opt/local/lib/vtk-5.10/libvtksys.5.10.1.dylib -lobjc -lm /opt/local/libexec/qt4/lib/libQtGui.dylib /opt/local/libexec/qt4/lib/libQtSql.dylib /opt/local/libexec/qt4/lib/libQtCore.dylib";
				OTHER_REZFLAGS = "";
				PRODUCT_NAME = pcd_write;
				SECTORDER_FLAGS = "";
				SYMROOT = "/Users/zhuda/Desktop/CamBoard_pico_flexx/libroyale/libroyale-1.0.5.40-APPLE-64Bit/samples/write";
				USE_HEADERMAP = NO;
				WARNING_CFLAGS = ("-Wmost", "-Wno-four-char-constants", "-Wno-unknown-pragmas", "$(inherited)", );
			};
			name = Debug;
		};
		940FB197FD6A4FDA9BC78CF0 /* Release */ = {
			isa = XCBuildConfiguration;
			buildSettings = {
				COMBINE_HIDPI_IMAGES = YES;
				GCC_GENERATE_DEBUGGING_SYMBOLS = YES;
				GCC_INLINES_ARE_PRIVATE_EXTERN = NO;
				GCC_OPTIMIZATION_LEVEL = 0;
				GCC_PREPROCESSOR_DEFINITIONS = ("'CMAKE_INTDIR=\"$(CONFIGURATION)$(EFFECTIVE_PLATFORM_NAME)\"'", );
				GCC_SYMBOLS_PRIVATE_EXTERN = NO;
				HEADER_SEARCH_PATHS = ("/opt/local/include/vtk-5.10", "/usr/local/include/pcl-1.8", /opt/local/include/eigen3, /opt/local/include, /usr/include/ni, );
				INSTALL_PATH = "";
				OTHER_LDFLAGS = " ";
				OTHER_REZFLAGS = "";
				PRODUCT_NAME = ZERO_CHECK;
				SECTORDER_FLAGS = "";
				SYMROOT = "/Users/zhuda/Desktop/CamBoard_pico_flexx/libroyale/libroyale-1.0.5.40-APPLE-64Bit/samples/write";
				USE_HEADERMAP = NO;
				WARNING_CFLAGS = ("-Wmost", "-Wno-four-char-constants", "-Wno-unknown-pragmas", "$(inherited)", );
			};
			name = Release;
		};
		AC9B01BD24BC4C72BD86DC2C /* MinSizeRel */ = {
			isa = XCBuildConfiguration;
			buildSettings = {
				COMBINE_HIDPI_IMAGES = YES;
				EXECUTABLE_PREFIX = "";
				EXECUTABLE_SUFFIX = "";
				GCC_GENERATE_DEBUGGING_SYMBOLS = NO;
				GCC_INLINES_ARE_PRIVATE_EXTERN = NO;
				GCC_OPTIMIZATION_LEVEL = s;
				GCC_PREPROCESSOR_DEFINITIONS = ("'CMAKE_INTDIR=\"$(CONFIGURATION)$(EFFECTIVE_PLATFORM_NAME)\"'", DISABLE_OPENNI2, DISABLE_ENSENSO, DISABLE_DAVIDSDK, DISABLE_DSSDK, DISABLE_PCAP, DISABLE_PNG, DISABLE_LIBUSB_1_0, DISABLE_RSSDK, EIGEN_USE_NEW_STDVECTOR, EIGEN_YES_I_KNOW_SPARSE_MODULE_IS_NOT_STABLE_YET, FLANN_STATIC, qh_QHpointer, );
				GCC_SYMBOLS_PRIVATE_EXTERN = NO;
				HEADER_SEARCH_PATHS = ("/opt/local/include/vtk-5.10", "/usr/local/include/pcl-1.8", /opt/local/include/eigen3, /opt/local/include, /usr/include/ni, );
				INSTALL_PATH = "";
				LD_RUNPATH_SEARCH_PATHS = /usr/local/lib;
				LIBRARY_SEARCH_PATHS = " /usr/local/lib/$(CONFIGURATION)$(EFFECTIVE_PLATFORM_NAME) /usr/local/lib";
				OTHER_CPLUSPLUSFLAGS = "  -Wno-deprecated -Wall -Wsign-compare -Wuninitialized -Wunused -Wno-deprecated-declarations -std=c++11  -Wno-deprecated -Wall -Wsign-compare -Wuninitialized -Wunused -Wno-deprecated-declarations -std=c++11      -DNDEBUG  ";
				OTHER_LDFLAGS = "  -Wl,-search_paths_first -Wl,-headerpad_max_install_names  /opt/local/lib/libboost_system-mt.dylib /opt/local/lib/libboost_filesystem-mt.dylib /opt/local/lib/libboost_thread-mt.dylib /opt/local/lib/libboost_date_time-mt.dylib /opt/local/lib/libboost_iostreams-mt.dylib /opt/local/lib/libboost_serialization-mt.dylib /usr/local/lib/libpcl_common.dylib /usr/local/lib/libpcl_octree.dylib /usr/lib/libOpenNI.dylib /usr/local/lib/libpcl_io.dylib /opt/local/lib/libflann_cpp_s.a /usr/local/lib/libpcl_kdtree.dylib /usr/local/lib/libpcl_search.dylib /usr/local/lib/libpcl_sample_consensus.dylib /usr/local/lib/libpcl_filters.dylib /usr/local/lib/libpcl_features.dylib /usr/local/lib/libpcl_ml.dylib /usr/local/lib/libpcl_segmentation.dylib /usr/local/lib/libpcl_visualization.dylib /opt/local/lib/libqhull_p.dylib /usr/local/lib/libpcl_surface.dylib /usr/local/lib/libpcl_registration.dylib /usr/local/lib/libpcl_keypoints.dylib /usr/local/lib/libpcl_tracking.dylib /usr/local/lib/libpcl_recognition.dylib /usr/local/lib/libpcl_stereo.dylib /usr/local/lib/libpcl_outofcore.dylib /usr/local/lib/libpcl_people.dylib /opt/local/lib/libboost_system-mt.dylib /opt/local/lib/libboost_filesystem-mt.dylib /opt/local/lib/libboost_thread-mt.dylib /opt/local/lib/libboost_date_time-mt.dylib /opt/local/lib/libboost_iostreams-mt.dylib /opt/local/lib/libboost_serialization-mt.dylib /opt/local/lib/libqhull_p.dylib /usr/lib/libOpenNI.dylib /opt/local/lib/libflann_cpp_s.a /opt/local/lib/vtk-5.10/libvtkGenericFiltering.5.10.1.dylib /opt/local/lib/vtk-5.10/libvtkGeovis.5.10.1.dylib /opt/local/lib/vtk-5.10/libvtkCharts.5.10.1.dylib /usr/local/lib/libpcl_common.dylib /usr/local/lib/libpcl_octree.dylib /usr/local/lib/libpcl_io.dylib /usr/local/lib/libpcl_kdtree.dylib /usr/local/lib/libpcl_search.dylib /usr/local/lib/libpcl_sample_consensus.dylib /usr/local/lib/libpcl_filters.dylib /usr/local/lib/libpcl_features.dylib /usr/local/lib/libpcl_ml.dylib /usr/local/lib/libpcl_segmentation.dylib /usr/local/lib/libpcl_visualization.dylib /usr/local/lib/libpcl_surface.dylib /usr/local/lib/libpcl_registration.dylib /usr/local/lib/libpcl_keypoints.dylib /usr/local/lib/libpcl_tracking.dylib /usr/local/lib/libpcl_recognition.dylib /usr/local/lib/libpcl_stereo.dylib /usr/local/lib/libpcl_outofcore.dylib /usr/local/lib/libpcl_people.dylib /opt/local/lib/vtk-5.10/libvtkViews.5.10.1.dylib /opt/local/lib/vtk-5.10/libvtkInfovis.5.10.1.dylib /opt/local/lib/vtk-5.10/libvtkWidgets.5.10.1.dylib /opt/local/lib/vtk-5.10/libvtkVolumeRendering.5.10.1.dylib /opt/local/lib/vtk-5.10/libvtkHybrid.5.10.1.dylib /opt/local/lib/vtk-5.10/libvtkRendering.5.10.1.dylib /opt/local/lib/vtk-5.10/libvtkImaging.5.10.1.dylib /opt/local/lib/vtk-5.10/libvtkGraphics.5.10.1.dylib /opt/local/lib/vtk-5.10/libvtkIO.5.10.1.dylib /opt/local/lib/vtk-5.10/libvtkFiltering.5.10.1.dylib /opt/local/lib/vtk-5.10/libvtkCommon.5.10.1.dylib /opt/local/lib/vtk-5.10/libvtksys.5.10.1.dylib -lobjc -lm /opt/local/libexec/qt4/lib/libQtGui.dylib /opt/local/libexec/qt4/lib/libQtSql.dylib /opt/local/libexec/qt4/lib/libQtCore.dylib";
				OTHER_REZFLAGS = "";
				PRODUCT_NAME = pcd_write;
				SECTORDER_FLAGS = "";
				SYMROOT = "/Users/zhuda/Desktop/CamBoard_pico_flexx/libroyale/libroyale-1.0.5.40-APPLE-64Bit/samples/write";
				USE_HEADERMAP = NO;
				WARNING_CFLAGS = ("-Wmost", "-Wno-four-char-constants", "-Wno-unknown-pragmas", "$(inherited)", );
			};
			name = MinSizeRel;
		};
		AD540BD9B4464AB3A2F072BA /* RelWithDebInfo */ = {
			isa = XCBuildConfiguration;
			buildSettings = {
				COMBINE_HIDPI_IMAGES = YES;
				GCC_GENERATE_DEBUGGING_SYMBOLS = YES;
				GCC_INLINES_ARE_PRIVATE_EXTERN = NO;
				GCC_OPTIMIZATION_LEVEL = 0;
				GCC_PREPROCESSOR_DEFINITIONS = ("'CMAKE_INTDIR=\"$(CONFIGURATION)$(EFFECTIVE_PLATFORM_NAME)\"'", );
				GCC_SYMBOLS_PRIVATE_EXTERN = NO;
				HEADER_SEARCH_PATHS = ("/opt/local/include/vtk-5.10", "/usr/local/include/pcl-1.8", /opt/local/include/eigen3, /opt/local/include, /usr/include/ni, );
				INSTALL_PATH = "";
				OTHER_LDFLAGS = " ";
				OTHER_REZFLAGS = "";
				PRODUCT_NAME = ZERO_CHECK;
				SECTORDER_FLAGS = "";
				SYMROOT = "/Users/zhuda/Desktop/CamBoard_pico_flexx/libroyale/libroyale-1.0.5.40-APPLE-64Bit/samples/write";
				USE_HEADERMAP = NO;
				WARNING_CFLAGS = ("-Wmost", "-Wno-four-char-constants", "-Wno-unknown-pragmas", "$(inherited)", );
			};
			name = RelWithDebInfo;
		};
		B846769203594CB18AC7C592 /* RelWithDebInfo */ = {
			isa = XCBuildConfiguration;
			buildSettings = {
				COMBINE_HIDPI_IMAGES = YES;
				GCC_GENERATE_DEBUGGING_SYMBOLS = YES;
				GCC_INLINES_ARE_PRIVATE_EXTERN = NO;
				GCC_OPTIMIZATION_LEVEL = 0;
				GCC_PREPROCESSOR_DEFINITIONS = ("'CMAKE_INTDIR=\"$(CONFIGURATION)$(EFFECTIVE_PLATFORM_NAME)\"'", );
				GCC_SYMBOLS_PRIVATE_EXTERN = NO;
				HEADER_SEARCH_PATHS = ("/opt/local/include/vtk-5.10", "/usr/local/include/pcl-1.8", /opt/local/include/eigen3, /opt/local/include, /usr/include/ni, );
				INSTALL_PATH = "";
				OTHER_LDFLAGS = " ";
				OTHER_REZFLAGS = "";
				PRODUCT_NAME = ALL_BUILD;
				SECTORDER_FLAGS = "";
				SYMROOT = "/Users/zhuda/Desktop/CamBoard_pico_flexx/libroyale/libroyale-1.0.5.40-APPLE-64Bit/samples/write";
				USE_HEADERMAP = NO;
				WARNING_CFLAGS = ("-Wmost", "-Wno-four-char-constants", "-Wno-unknown-pragmas", "$(inherited)", );
			};
			name = RelWithDebInfo;
		};
		FF65AE9442794035AD67A8F2 /* Release */ = {
			isa = XCBuildConfiguration;
			buildSettings = {
				COMBINE_HIDPI_IMAGES = YES;
				GCC_GENERATE_DEBUGGING_SYMBOLS = YES;
				GCC_INLINES_ARE_PRIVATE_EXTERN = NO;
				GCC_OPTIMIZATION_LEVEL = 0;
				GCC_PREPROCESSOR_DEFINITIONS = ("'CMAKE_INTDIR=\"$(CONFIGURATION)$(EFFECTIVE_PLATFORM_NAME)\"'", );
				GCC_SYMBOLS_PRIVATE_EXTERN = NO;
				HEADER_SEARCH_PATHS = ("/opt/local/include/vtk-5.10", "/usr/local/include/pcl-1.8", /opt/local/include/eigen3, /opt/local/include, /usr/include/ni, );
				INSTALL_PATH = "";
				OTHER_LDFLAGS = " ";
				OTHER_REZFLAGS = "";
				PRODUCT_NAME = ALL_BUILD;
				SECTORDER_FLAGS = "";
				SYMROOT = "/Users/zhuda/Desktop/CamBoard_pico_flexx/libroyale/libroyale-1.0.5.40-APPLE-64Bit/samples/write";
				USE_HEADERMAP = NO;
				WARNING_CFLAGS = ("-Wmost", "-Wno-four-char-constants", "-Wno-unknown-pragmas", "$(inherited)", );
			};
			name = Release;
		};
/* End XCBuildConfiguration section */

/* Begin XCConfigurationList section */
		52F7D499960B47DBBDE6A3B6 /* Build configuration list for PBXNativeTarget "pcd_write" */ = {
			isa = XCConfigurationList;
			buildConfigurations = (
				82C9941FCFB74DAD85B2796F /* Debug */,
				0536E81885734632869038EF /* Release */,
				AC9B01BD24BC4C72BD86DC2C /* MinSizeRel */,
				65A945A439614C7A85FCC606 /* RelWithDebInfo */,
			);
			defaultConfigurationIsVisible = 0;
			defaultConfigurationName = Debug;
		};
		879271EBABD64D228798FB05 /* Build configuration list for PBXAggregateTarget "ALL_BUILD" */ = {
			isa = XCConfigurationList;
			buildConfigurations = (
				77EB3795DD2D4EBCA8BDC8A5 /* Debug */,
				FF65AE9442794035AD67A8F2 /* Release */,
				461CEFF949A049BDB4E87861 /* MinSizeRel */,
				B846769203594CB18AC7C592 /* RelWithDebInfo */,
			);
			defaultConfigurationIsVisible = 0;
			defaultConfigurationName = Debug;
		};
		A2E744F3561E423EACED07AB /* Build configuration list for PBXProject "pcd_write" */ = {
			isa = XCConfigurationList;
			buildConfigurations = (
				5EE5F45371F1425E8831AEC7 /* Debug */,
				3712F2447F9F452D81E34FDB /* Release */,
				0C5037CBECC94198A1152A71 /* MinSizeRel */,
				78C6FBB1E4694FD7AB03416C /* RelWithDebInfo */,
			);
			defaultConfigurationIsVisible = 0;
			defaultConfigurationName = Debug;
		};
		BB168C734EC9426BB01C689D /* Build configuration list for PBXAggregateTarget "ZERO_CHECK" */ = {
			isa = XCConfigurationList;
			buildConfigurations = (
				38E182C206FD46F6BD94A885 /* Debug */,
				940FB197FD6A4FDA9BC78CF0 /* Release */,
				7D935796AFA846FCB132B58E /* MinSizeRel */,
				AD540BD9B4464AB3A2F072BA /* RelWithDebInfo */,
			);
			defaultConfigurationIsVisible = 0;
			defaultConfigurationName = Debug;
		};
/* End XCConfigurationList section */
	};
	rootObject = 5A253278E38940A0B8774B89 /* Project object */;
}
