// !$*UTF8*$!
{
	archiveVersion = 1;
	classes = {
	};
	objectVersion = 46;
	objects = {

/* Begin PBXAggregateTarget section */
		000FDFA1220E425F974180DA /* ZERO_CHECK */ = {
			isa = PBXAggregateTarget;
			buildConfigurationList = 3C53CD36D32A42378A354364 /* Build configuration list for PBXAggregateTarget "ZERO_CHECK" */;
			buildPhases = (
				EE728694DBFC4882BA755F67 /* CMake Rules */,
			);
			dependencies = (
			);
			name = ZERO_CHECK;
			productName = ZERO_CHECK;
		};
		9802D00A44B341859888F6E4 /* ALL_BUILD */ = {
			isa = PBXAggregateTarget;
			buildConfigurationList = 6B0C33286BCB49A2BB71F332 /* Build configuration list for PBXAggregateTarget "ALL_BUILD" */;
			buildPhases = (
				A407B0AF9D834A849996F697 /* CMake Rules */,
			);
			dependencies = (
				63D029FDF5FD43B1AE60E0A5 /* PBXTargetDependency */,
				B2C656547FF44FE8A3FB81FE /* PBXTargetDependency */,
			);
			name = ALL_BUILD;
			productName = ALL_BUILD;
		};
/* End PBXAggregateTarget section */

/* Begin PBXBuildFile section */
		A948B68856174E1AA6A7ECED /* /Users/zhuda/Desktop/CamBoard_pico_flexx/libroyale/libroyale-1.0.5.40-APPLE-64Bit/samples/sample2/CMakeLists.txt */ = {isa = PBXBuildFile; fileRef = 6095DBD9A07E4890BBC4C1F0 /* /Users/zhuda/Desktop/CamBoard_pico_flexx/libroyale/libroyale-1.0.5.40-APPLE-64Bit/samples/sample2/CMakeLists.txt */; settings = {COMPILER_FLAGS = ""; }; };
		AC12E6D7067D425E9A7B8910 /* /Users/zhuda/Desktop/CamBoard_pico_flexx/libroyale/libroyale-1.0.5.40-APPLE-64Bit/samples/sample2/sample2.cpp */ = {isa = PBXBuildFile; fileRef = ABB37D9DC30D4A6B80EB1AE7 /* /Users/zhuda/Desktop/CamBoard_pico_flexx/libroyale/libroyale-1.0.5.40-APPLE-64Bit/samples/sample2/sample2.cpp */; settings = {COMPILER_FLAGS = ""; }; };
/* End PBXBuildFile section */

/* Begin PBXBuildStyle section */
		3CC9361501F9453C86EEADB0 /* MinSizeRel */ = {
			isa = PBXBuildStyle;
			buildSettings = {
				COPY_PHASE_STRIP = NO;
			};
			name = MinSizeRel;
		};
		6C4E8E244EAD4E90B546CCAD = {
			isa = PBXBuildStyle;
		};
		7693E0C799CE4F06B0129B3A /* Release */ = {
			isa = PBXBuildStyle;
			buildSettings = {
				COPY_PHASE_STRIP = NO;
			};
			name = Release;
		};
		7824A21A341445428E770983 /* Debug */ = {
			isa = PBXBuildStyle;
			buildSettings = {
				COPY_PHASE_STRIP = NO;
			};
			name = Debug;
		};
		A2A9E4FB68814824834420E7 /* RelWithDebInfo */ = {
			isa = PBXBuildStyle;
			buildSettings = {
				COPY_PHASE_STRIP = NO;
			};
			name = RelWithDebInfo;
		};
/* End PBXBuildStyle section */

/* Begin PBXContainerItemProxy section */
		896DCC09684E48F6A299AAD3 /* PBXContainerItemProxy */ = {
			isa = PBXContainerItemProxy;
			containerPortal = 00F0574F7D524E89BDCDC08B /* Project object */;
			proxyType = 1;
			remoteGlobalIDString = 000FDFA1220E425F974180DA;
			remoteInfo = ZERO_CHECK;
		};
		C137C3BB1AD24761AE6F6EE5 /* PBXContainerItemProxy */ = {
			isa = PBXContainerItemProxy;
			containerPortal = 00F0574F7D524E89BDCDC08B /* Project object */;
			proxyType = 1;
			remoteGlobalIDString = 000FDFA1220E425F974180DA;
			remoteInfo = ZERO_CHECK;
		};
		E736110AEC204B4288869403 /* PBXContainerItemProxy */ = {
			isa = PBXContainerItemProxy;
			containerPortal = 00F0574F7D524E89BDCDC08B /* Project object */;
			proxyType = 1;
			remoteGlobalIDString = C99EC1A647A24D0793042C46;
			remoteInfo = sample2;
		};
/* End PBXContainerItemProxy section */

/* Begin PBXFileReference section */
		6095DBD9A07E4890BBC4C1F0 /* /Users/zhuda/Desktop/CamBoard_pico_flexx/libroyale/libroyale-1.0.5.40-APPLE-64Bit/samples/sample2/CMakeLists.txt */ = {isa = PBXFileReference; explicitFileType = sourcecode.text; fileEncoding = 4; name = CMakeLists.txt; path = CMakeLists.txt; sourceTree = SOURCE_ROOT; };
		799C3D25BAA24782BD65863A /* sample2 */ = {isa = PBXFileReference; explicitFileType = "compiled.mach-o.executable"; path = sample2; refType = 0; sourceTree = BUILT_PRODUCTS_DIR; };
		806487731D944762A667F91D /* /Users/zhuda/Desktop/CamBoard_pico_flexx/libroyale/libroyale-1.0.5.40-APPLE-64Bit/samples/sample2/CMakeLists.txt */ = {isa = PBXFileReference; explicitFileType = sourcecode.text; fileEncoding = 4; name = CMakeLists.txt; path = CMakeLists.txt; sourceTree = SOURCE_ROOT; };
		89C2DBCBFC09439B893043B5 /* /Users/zhuda/Desktop/CamBoard_pico_flexx/libroyale/libroyale-1.0.5.40-APPLE-64Bit/samples/sample2/CMakeLists.txt */ = {isa = PBXFileReference; explicitFileType = sourcecode.text; fileEncoding = 4; name = CMakeLists.txt; path = CMakeLists.txt; sourceTree = SOURCE_ROOT; };
		ABB37D9DC30D4A6B80EB1AE7 /* /Users/zhuda/Desktop/CamBoard_pico_flexx/libroyale/libroyale-1.0.5.40-APPLE-64Bit/samples/sample2/sample2.cpp */ = {isa = PBXFileReference; explicitFileType = sourcecode.cpp.cpp; fileEncoding = 4; name = sample2.cpp; path = sample2.cpp; sourceTree = SOURCE_ROOT; };
/* End PBXFileReference section */

/* Begin PBXGroup section */
		1D0DC4CD40234E50B583BD15 /* ZERO_CHECK */ = {
			isa = PBXGroup;
			children = (
				ACF5A49BC3EF4C2996FC5A2E /* CMake Rules */,
				806487731D944762A667F91D /* /Users/zhuda/Desktop/CamBoard_pico_flexx/libroyale/libroyale-1.0.5.40-APPLE-64Bit/samples/sample2/CMakeLists.txt */,
			);
			name = ZERO_CHECK;
			sourceTree = "<group>";
		};
		32AE4A80ED994606A3B99F44 /* ALL_BUILD */ = {
			isa = PBXGroup;
			children = (
				41D13805015947DC8F055986 /* CMake Rules */,
				89C2DBCBFC09439B893043B5 /* /Users/zhuda/Desktop/CamBoard_pico_flexx/libroyale/libroyale-1.0.5.40-APPLE-64Bit/samples/sample2/CMakeLists.txt */,
			);
			name = ALL_BUILD;
			sourceTree = "<group>";
		};
		41D13805015947DC8F055986 /* CMake Rules */ = {
			isa = PBXGroup;
			children = (
			);
			name = "CMake Rules";
			sourceTree = "<group>";
		};
		686FC9F39CB04F81AC5A2B85 /* Products */ = {
			isa = PBXGroup;
			children = (
				799C3D25BAA24782BD65863A /* sample2 */,
			);
			name = Products;
			sourceTree = "<group>";
		};
		6E6040A1AFDE4CF8B71620D2 /* sample2 */ = {
			isa = PBXGroup;
			children = (
				B6FC94571FB6490CB6DFAB85 /* Source Files */,
				6095DBD9A07E4890BBC4C1F0 /* /Users/zhuda/Desktop/CamBoard_pico_flexx/libroyale/libroyale-1.0.5.40-APPLE-64Bit/samples/sample2/CMakeLists.txt */,
			);
			name = sample2;
			sourceTree = "<group>";
		};
		88381B6EE4D74D8FBEBBF151 = {
			isa = PBXGroup;
			children = (
				F1F9B674655C4B5D80EDB191 /* Sources */,
				A31122EE7D9643FA889ABBB0 /* Resources */,
				686FC9F39CB04F81AC5A2B85 /* Products */,
			);
			sourceTree = "<group>";
		};
		A31122EE7D9643FA889ABBB0 /* Resources */ = {
			isa = PBXGroup;
			children = (
			);
			name = Resources;
			sourceTree = "<group>";
		};
		ACF5A49BC3EF4C2996FC5A2E /* CMake Rules */ = {
			isa = PBXGroup;
			children = (
			);
			name = "CMake Rules";
			sourceTree = "<group>";
		};
		B6FC94571FB6490CB6DFAB85 /* Source Files */ = {
			isa = PBXGroup;
			children = (
				ABB37D9DC30D4A6B80EB1AE7 /* /Users/zhuda/Desktop/CamBoard_pico_flexx/libroyale/libroyale-1.0.5.40-APPLE-64Bit/samples/sample2/sample2.cpp */,
			);
			name = "Source Files";
			sourceTree = "<group>";
		};
		F1F9B674655C4B5D80EDB191 /* Sources */ = {
			isa = PBXGroup;
			children = (
				1D0DC4CD40234E50B583BD15 /* ZERO_CHECK */,
				32AE4A80ED994606A3B99F44 /* ALL_BUILD */,
				6E6040A1AFDE4CF8B71620D2 /* sample2 */,
			);
			name = Sources;
			sourceTree = "<group>";
		};
/* End PBXGroup section */

/* Begin PBXNativeTarget section */
		C99EC1A647A24D0793042C46 /* sample2 */ = {
			isa = PBXNativeTarget;
			buildConfigurationList = 2B3BF65EA17B408EB7369281 /* Build configuration list for PBXNativeTarget "sample2" */;
			buildPhases = (
				B987DFA596A14FE297355B01 /* Sources */,
				711BF12D35214CA391ED48BF /* CMake PostBuild Rules */,
			);
			buildRules = (
			);
			dependencies = (
				EE370B102C00463E9CA4C922 /* PBXTargetDependency */,
			);
			name = sample2;
			productName = sample2;
			productReference = 799C3D25BAA24782BD65863A /* sample2 */;
			productType = "com.apple.product-type.tool";
		};
/* End PBXNativeTarget section */

/* Begin PBXProject section */
		00F0574F7D524E89BDCDC08B /* Project object */ = {
			isa = PBXProject;
			attributes = {
				BuildIndependentTargetsInParallel = YES;
			};
			buildConfigurationList = 813EE885CF6E437284D02C9A /* Build configuration list for PBXProject "sample2" */;
			buildSettings = {
			};
			buildStyles = (
				7824A21A341445428E770983 /* Debug */,
				7693E0C799CE4F06B0129B3A /* Release */,
				3CC9361501F9453C86EEADB0 /* MinSizeRel */,
				A2A9E4FB68814824834420E7 /* RelWithDebInfo */,
			);
			compatibilityVersion = "Xcode 3.2";
			hasScannedForEncodings = 0;
			mainGroup = 88381B6EE4D74D8FBEBBF151;
			projectDirPath = .;
			projectRoot = "";
			targets = (
				9802D00A44B341859888F6E4 /* ALL_BUILD */,
				000FDFA1220E425F974180DA /* ZERO_CHECK */,
				C99EC1A647A24D0793042C46 /* sample2 */,
			);
		};
/* End PBXProject section */

/* Begin PBXShellScriptBuildPhase section */
		711BF12D35214CA391ED48BF /* CMake PostBuild Rules */ = {
			isa = PBXShellScriptBuildPhase;
			buildActionMask = 2147483647;
			files = (
			);
			name = "CMake PostBuild Rules";
			runOnlyForDeploymentPostprocessing = 0;
			shellPath = /bin/sh;
			shellScript = "make -C /Users/zhuda/Desktop/CamBoard_pico_flexx/libroyale/libroyale-1.0.5.40-APPLE-64Bit/samples/sample2 -f /Users/zhuda/Desktop/CamBoard_pico_flexx/libroyale/libroyale-1.0.5.40-APPLE-64Bit/samples/sample2/CMakeScripts/sample2_postBuildPhase.make$CONFIGURATION all";
			showEnvVarsInLog = 0;
		};
		87D69AE72CD145B0A454F722 = {
			isa = PBXShellScriptBuildPhase;
			buildActionMask = 2147483647;
			files = (
			);
			inputPaths = (
			);
			outputPaths = (
			);
			runOnlyForDeploymentPostprocessing = 0;
			shellPath = /bin/sh;
			shellScript = "# shell script goes here
exit 0";
			showEnvVarsInLog = 0;
		};
		A407B0AF9D834A849996F697 /* CMake Rules */ = {
			isa = PBXShellScriptBuildPhase;
			buildActionMask = 2147483647;
			files = (
			);
			name = "CMake Rules";
			runOnlyForDeploymentPostprocessing = 0;
			shellPath = /bin/sh;
			shellScript = "make -C /Users/zhuda/Desktop/CamBoard_pico_flexx/libroyale/libroyale-1.0.5.40-APPLE-64Bit/samples/sample2 -f /Users/zhuda/Desktop/CamBoard_pico_flexx/libroyale/libroyale-1.0.5.40-APPLE-64Bit/samples/sample2/CMakeScripts/ALL_BUILD_cmakeRulesBuildPhase.make$CONFIGURATION all";
			showEnvVarsInLog = 0;
		};
		BCFE63544F1F4BD5A6AC9EC6 = {
			isa = PBXShellScriptBuildPhase;
			buildActionMask = 2147483647;
			files = (
			);
			inputPaths = (
			);
			outputPaths = (
			);
			runOnlyForDeploymentPostprocessing = 0;
			shellPath = /bin/sh;
			shellScript = "# shell script goes here
exit 0";
			showEnvVarsInLog = 0;
		};
		EE728694DBFC4882BA755F67 /* CMake Rules */ = {
			isa = PBXShellScriptBuildPhase;
			buildActionMask = 2147483647;
			files = (
			);
			name = "CMake Rules";
			runOnlyForDeploymentPostprocessing = 0;
			shellPath = /bin/sh;
			shellScript = "make -C /Users/zhuda/Desktop/CamBoard_pico_flexx/libroyale/libroyale-1.0.5.40-APPLE-64Bit/samples/sample2 -f /Users/zhuda/Desktop/CamBoard_pico_flexx/libroyale/libroyale-1.0.5.40-APPLE-64Bit/samples/sample2/CMakeScripts/ZERO_CHECK_cmakeRulesBuildPhase.make$CONFIGURATION all";
			showEnvVarsInLog = 0;
		};
/* End PBXShellScriptBuildPhase section */

/* Begin PBXSourcesBuildPhase section */
		B987DFA596A14FE297355B01 /* Sources */ = {
			isa = PBXSourcesBuildPhase;
			buildActionMask = 2147483647;
			files = (
				AC12E6D7067D425E9A7B8910 /* /Users/zhuda/Desktop/CamBoard_pico_flexx/libroyale/libroyale-1.0.5.40-APPLE-64Bit/samples/sample2/sample2.cpp */,
			);
			runOnlyForDeploymentPostprocessing = 0;
		};
/* End PBXSourcesBuildPhase section */

/* Begin PBXTargetDependency section */
		63D029FDF5FD43B1AE60E0A5 /* PBXTargetDependency */ = {
			isa = PBXTargetDependency;
			target = C99EC1A647A24D0793042C46 /* sample2 */;
			targetProxy = E736110AEC204B4288869403 /* PBXContainerItemProxy */;
		};
		B2C656547FF44FE8A3FB81FE /* PBXTargetDependency */ = {
			isa = PBXTargetDependency;
			target = 000FDFA1220E425F974180DA /* ZERO_CHECK */;
			targetProxy = C137C3BB1AD24761AE6F6EE5 /* PBXContainerItemProxy */;
		};
		EE370B102C00463E9CA4C922 /* PBXTargetDependency */ = {
			isa = PBXTargetDependency;
			target = 000FDFA1220E425F974180DA /* ZERO_CHECK */;
			targetProxy = 896DCC09684E48F6A299AAD3 /* PBXContainerItemProxy */;
		};
/* End PBXTargetDependency section */

/* Begin XCBuildConfiguration section */
		35A106322487481EAC27BEFB /* MinSizeRel */ = {
			isa = XCBuildConfiguration;
			buildSettings = {
				COMBINE_HIDPI_IMAGES = YES;
				EXECUTABLE_PREFIX = "";
				EXECUTABLE_SUFFIX = "";
				GCC_GENERATE_DEBUGGING_SYMBOLS = NO;
				GCC_INLINES_ARE_PRIVATE_EXTERN = NO;
				GCC_OPTIMIZATION_LEVEL = s;
				GCC_PREPROCESSOR_DEFINITIONS = ("'CMAKE_INTDIR=\"$(CONFIGURATION)$(EFFECTIVE_PLATFORM_NAME)\"'", DISABLE_OPENNI2, DISABLE_ENSENSO, DISABLE_DAVIDSDK, DISABLE_DSSDK, DISABLE_PCAP, DISABLE_PNG, DISABLE_LIBUSB_1_0, DISABLE_RSSDK, EIGEN_USE_NEW_STDVECTOR, EIGEN_YES_I_KNOW_SPARSE_MODULE_IS_NOT_STABLE_YET, FLANN_STATIC, qh_QHpointer, );
				GCC_SYMBOLS_PRIVATE_EXTERN = NO;
				HEADER_SEARCH_PATHS = ("/opt/local/include/vtk-5.10", "/Users/zhuda/Desktop/CamBoard_pico_flexx/libroyale/libroyale-1.0.5.40-APPLE-64Bit/include", "/usr/local/include/pcl-1.8", /opt/local/include/eigen3, /opt/local/include, /usr/include/ni, );
				INSTALL_PATH = "";
				LD_RUNPATH_SEARCH_PATHS = "/usr/local/lib /Users/zhuda/Desktop/CamBoard_pico_flexx/libroyale/libroyale-1.0.5.40-APPLE-64Bit/bin";
				LIBRARY_SEARCH_PATHS = " /usr/local/lib/$(CONFIGURATION)$(EFFECTIVE_PLATFORM_NAME) /usr/local/lib /Users/zhuda/Desktop/CamBoard_pico_flexx/libroyale/libroyale-1.0.5.40-APPLE-64Bit/bin/$(CONFIGURATION)$(EFFECTIVE_PLATFORM_NAME) /Users/zhuda/Desktop/CamBoard_pico_flexx/libroyale/libroyale-1.0.5.40-APPLE-64Bit/bin";
				OTHER_CPLUSPLUSFLAGS = " -Wno-deprecated -Wall -Wsign-compare -Wuninitialized -Wunused -Wno-deprecated-declarations -std=c++11 -Wno-deprecated -Wall -Wsign-compare -Wuninitialized -Wunused -Wno-deprecated-declarations -std=c++11 -Wno-deprecated -Wall -Wsign-compare -Wuninitialized -Wunused -Wno-deprecated-declarations -std=c++11 -Wno-deprecated -Wall -Wsign-compare -Wuninitialized -Wunused -Wno-deprecated-declarations -std=c++11  -Wno-deprecated -Wall -Wsign-compare -Wuninitialized -Wunused -Wno-deprecated-declarations -std=c++11  -Wno-deprecated -Wall -Wsign-compare -Wuninitialized -Wunused -Wno-deprecated-declarations -std=c++11  -Wno-deprecated -Wall -Wsign-compare -Wuninitialized -Wunused -Wno-deprecated-declarations -std=c++11  -Wno-deprecated -Wall -Wsign-compare -Wuninitialized -Wunused -Wno-deprecated-declarations -std=c++11  -Wno-deprecated -Wall -Wsign-compare -Wuninitialized -Wunused -Wno-deprecated-declarations -std=c++11  -Wno-deprecated -Wall -Wsign-compare -Wuninitialized -Wunused -Wno-deprecated-declarations -std=c++11  -Wno-deprecated -Wall -Wsign-compare -Wuninitialized -Wunused -Wno-deprecated-declarations -std=c++11  -Wno-deprecated -Wall -Wsign-compare -Wuninitialized -Wunused -Wno-deprecated-declarations -std=c++11  -Wno-deprecated -Wall -Wsign-compare -Wuninitialized -Wunused -Wno-deprecated-declarations -std=c++11  -Wno-deprecated -Wall -Wsign-compare -Wuninitialized -Wunused -Wno-deprecated-declarations -std=c++11  -Wno-deprecated -Wall -Wsign-compare -Wuninitialized -Wunused -Wno-deprecated-declarations -std=c++11  -Wno-deprecated -Wall -Wsign-compare -Wuninitialized -Wunused -Wno-deprecated-declarations -std=c++11  -Wno-deprecated -Wall -Wsign-compare -Wuninitialized -Wunused -Wno-deprecated-declarations -std=c++11  -Wno-deprecated -Wall -Wsign-compare -Wuninitialized -Wunused -Wno-deprecated-declarations -std=c++11  -Wno-deprecated -Wall -Wsign-compare -Wuninitialized -Wunused -Wno-deprecated-declarations -std=c++11  -Wno-deprecated -Wall -Wsign-compare -Wuninitialized -Wunused -Wno-deprecated-declarations -std=c++11  -Wno-deprecated -Wall -Wsign-compare -Wuninitialized -Wunused -Wno-deprecated-declarations -std=c++11  -Wno-deprecated -Wall -Wsign-compare -Wuninitialized -Wunused -Wno-deprecated-declarations -std=c++11 -Wno-deprecated -Wall -Wsign-compare -Wuninitialized -Wunused -Wno-deprecated-declarations -std=c++11  -Wno-deprecated -Wall -Wsign-compare -Wuninitialized -Wunused -Wno-deprecated-declarations -std=c++11  -Wno-deprecated -Wall -Wsign-compare -Wuninitialized -Wunused -Wno-deprecated-declarations -std=c++11  -Wno-deprecated -Wall -Wsign-compare -Wuninitialized -Wunused -Wno-deprecated-declarations -std=c++11  -Wno-deprecated -Wall -Wsign-compare -Wuninitialized -Wunused -Wno-deprecated-declarations -std=c++11  -Wno-deprecated -Wall -Wsign-compare -Wuninitialized -Wunused -Wno-deprecated-declarations -std=c++11  -Wno-deprecated -Wall -Wsign-compare -Wuninitialized -Wunused -Wno-deprecated-declarations -std=c++11  -Wno-deprecated -Wall -Wsign-compare -Wuninitialized -Wunused -Wno-deprecated-declarations -std=c++11  -Wno-deprecated -Wall -Wsign-compare -Wuninitialized -Wunused -Wno-deprecated-declarations -std=c++11  -Wno-deprecated -Wall -Wsign-compare -Wuninitialized -Wunused -Wno-deprecated-declarations -std=c++11  -Wno-deprecated -Wall -Wsign-compare -Wuninitialized -Wunused -Wno-deprecated-declarations -std=c++11  -Wno-deprecated -Wall -Wsign-compare -Wuninitialized -Wunused -Wno-deprecated-declarations -std=c++11  -Wno-deprecated -Wall -Wsign-compare -Wuninitialized -Wunused -Wno-deprecated-declarations -std=c++11     -DNDEBUG  ";
				OTHER_LDFLAGS = "  -Wl,-search_paths_first -Wl,-headerpad_max_install_names  -lroyale /opt/local/lib/libboost_system-mt.dylib /opt/local/lib/libboost_filesystem-mt.dylib /opt/local/lib/libboost_thread-mt.dylib /opt/local/lib/libboost_date_time-mt.dylib /opt/local/lib/libboost_iostreams-mt.dylib /opt/local/lib/libboost_serialization-mt.dylib /usr/local/lib/libpcl_common.dylib /usr/local/lib/libpcl_octree.dylib /usr/lib/libOpenNI.dylib /usr/local/lib/libpcl_io.dylib /opt/local/lib/libflann_cpp_s.a /usr/local/lib/libpcl_kdtree.dylib /usr/local/lib/libpcl_search.dylib /usr/local/lib/libpcl_sample_consensus.dylib /usr/local/lib/libpcl_filters.dylib /usr/local/lib/libpcl_features.dylib /usr/local/lib/libpcl_ml.dylib /usr/local/lib/libpcl_segmentation.dylib /usr/local/lib/libpcl_visualization.dylib /opt/local/lib/libqhull_p.dylib /usr/local/lib/libpcl_surface.dylib /usr/local/lib/libpcl_registration.dylib /usr/local/lib/libpcl_keypoints.dylib /usr/local/lib/libpcl_tracking.dylib /usr/local/lib/libpcl_recognition.dylib /usr/local/lib/libpcl_stereo.dylib /usr/local/lib/libpcl_outofcore.dylib /usr/local/lib/libpcl_people.dylib /opt/local/lib/libboost_system-mt.dylib /opt/local/lib/libboost_filesystem-mt.dylib /opt/local/lib/libboost_thread-mt.dylib /opt/local/lib/libboost_date_time-mt.dylib /opt/local/lib/libboost_iostreams-mt.dylib /opt/local/lib/libboost_serialization-mt.dylib /opt/local/lib/libqhull_p.dylib /usr/lib/libOpenNI.dylib /opt/local/lib/libflann_cpp_s.a /opt/local/lib/vtk-5.10/libvtkGenericFiltering.5.10.1.dylib /opt/local/lib/vtk-5.10/libvtkGeovis.5.10.1.dylib /opt/local/lib/vtk-5.10/libvtkCharts.5.10.1.dylib /usr/local/lib/libpcl_common.dylib /usr/local/lib/libpcl_octree.dylib /usr/local/lib/libpcl_io.dylib /usr/local/lib/libpcl_kdtree.dylib /usr/local/lib/libpcl_search.dylib /usr/local/lib/libpcl_sample_consensus.dylib /usr/local/lib/libpcl_filters.dylib /usr/local/lib/libpcl_features.dylib /usr/local/lib/libpcl_ml.dylib /usr/local/lib/libpcl_segmentation.dylib /usr/local/lib/libpcl_visualization.dylib /usr/local/lib/libpcl_surface.dylib /usr/local/lib/libpcl_registration.dylib /usr/local/lib/libpcl_keypoints.dylib /usr/local/lib/libpcl_tracking.dylib /usr/local/lib/libpcl_recognition.dylib /usr/local/lib/libpcl_stereo.dylib /usr/local/lib/libpcl_outofcore.dylib /usr/local/lib/libpcl_people.dylib /opt/local/lib/vtk-5.10/libvtkViews.5.10.1.dylib /opt/local/lib/vtk-5.10/libvtkInfovis.5.10.1.dylib /opt/local/lib/vtk-5.10/libvtkWidgets.5.10.1.dylib /opt/local/lib/vtk-5.10/libvtkVolumeRendering.5.10.1.dylib /opt/local/lib/vtk-5.10/libvtkHybrid.5.10.1.dylib /opt/local/lib/vtk-5.10/libvtkRendering.5.10.1.dylib /opt/local/lib/vtk-5.10/libvtkImaging.5.10.1.dylib /opt/local/lib/vtk-5.10/libvtkGraphics.5.10.1.dylib /opt/local/lib/vtk-5.10/libvtkIO.5.10.1.dylib /opt/local/lib/vtk-5.10/libvtkFiltering.5.10.1.dylib /opt/local/lib/vtk-5.10/libvtkCommon.5.10.1.dylib /opt/local/lib/vtk-5.10/libvtksys.5.10.1.dylib -lobjc -lm /opt/local/libexec/qt4/lib/libQtGui.dylib /opt/local/libexec/qt4/lib/libQtSql.dylib /opt/local/libexec/qt4/lib/libQtCore.dylib";
				OTHER_REZFLAGS = "";
				PRODUCT_NAME = sample2;
				SECTORDER_FLAGS = "";
				SYMROOT = "/Users/zhuda/Desktop/CamBoard_pico_flexx/libroyale/libroyale-1.0.5.40-APPLE-64Bit/samples/sample2";
				USE_HEADERMAP = NO;
				WARNING_CFLAGS = ("-Wmost", "-Wno-four-char-constants", "-Wno-unknown-pragmas", "$(inherited)", );
			};
			name = MinSizeRel;
		};
		4D38D900FD4A4D48B8B750D0 /* Release */ = {
			isa = XCBuildConfiguration;
			buildSettings = {
				COMBINE_HIDPI_IMAGES = YES;
				EXECUTABLE_PREFIX = "";
				EXECUTABLE_SUFFIX = "";
				GCC_GENERATE_DEBUGGING_SYMBOLS = NO;
				GCC_INLINES_ARE_PRIVATE_EXTERN = NO;
				GCC_OPTIMIZATION_LEVEL = 3;
				GCC_PREPROCESSOR_DEFINITIONS = ("'CMAKE_INTDIR=\"$(CONFIGURATION)$(EFFECTIVE_PLATFORM_NAME)\"'", DISABLE_OPENNI2, DISABLE_ENSENSO, DISABLE_DAVIDSDK, DISABLE_DSSDK, DISABLE_PCAP, DISABLE_PNG, DISABLE_LIBUSB_1_0, DISABLE_RSSDK, EIGEN_USE_NEW_STDVECTOR, EIGEN_YES_I_KNOW_SPARSE_MODULE_IS_NOT_STABLE_YET, FLANN_STATIC, qh_QHpointer, );
				GCC_SYMBOLS_PRIVATE_EXTERN = NO;
				HEADER_SEARCH_PATHS = ("/opt/local/include/vtk-5.10", "/Users/zhuda/Desktop/CamBoard_pico_flexx/libroyale/libroyale-1.0.5.40-APPLE-64Bit/include", "/usr/local/include/pcl-1.8", /opt/local/include/eigen3, /opt/local/include, /usr/include/ni, );
				INSTALL_PATH = "";
				LD_RUNPATH_SEARCH_PATHS = "/usr/local/lib /Users/zhuda/Desktop/CamBoard_pico_flexx/libroyale/libroyale-1.0.5.40-APPLE-64Bit/bin";
				LIBRARY_SEARCH_PATHS = " /usr/local/lib/$(CONFIGURATION)$(EFFECTIVE_PLATFORM_NAME) /usr/local/lib /Users/zhuda/Desktop/CamBoard_pico_flexx/libroyale/libroyale-1.0.5.40-APPLE-64Bit/bin/$(CONFIGURATION)$(EFFECTIVE_PLATFORM_NAME) /Users/zhuda/Desktop/CamBoard_pico_flexx/libroyale/libroyale-1.0.5.40-APPLE-64Bit/bin";
				OTHER_CPLUSPLUSFLAGS = " -Wno-deprecated -Wall -Wsign-compare -Wuninitialized -Wunused -Wno-deprecated-declarations -std=c++11 -Wno-deprecated -Wall -Wsign-compare -Wuninitialized -Wunused -Wno-deprecated-declarations -std=c++11 -Wno-deprecated -Wall -Wsign-compare -Wuninitialized -Wunused -Wno-deprecated-declarations -std=c++11 -Wno-deprecated -Wall -Wsign-compare -Wuninitialized -Wunused -Wno-deprecated-declarations -std=c++11  -Wno-deprecated -Wall -Wsign-compare -Wuninitialized -Wunused -Wno-deprecated-declarations -std=c++11  -Wno-deprecated -Wall -Wsign-compare -Wuninitialized -Wunused -Wno-deprecated-declarations -std=c++11  -Wno-deprecated -Wall -Wsign-compare -Wuninitialized -Wunused -Wno-deprecated-declarations -std=c++11  -Wno-deprecated -Wall -Wsign-compare -Wuninitialized -Wunused -Wno-deprecated-declarations -std=c++11  -Wno-deprecated -Wall -Wsign-compare -Wuninitialized -Wunused -Wno-deprecated-declarations -std=c++11  -Wno-deprecated -Wall -Wsign-compare -Wuninitialized -Wunused -Wno-deprecated-declarations -std=c++11  -Wno-deprecated -Wall -Wsign-compare -Wuninitialized -Wunused -Wno-deprecated-declarations -std=c++11  -Wno-deprecated -Wall -Wsign-compare -Wuninitialized -Wunused -Wno-deprecated-declarations -std=c++11  -Wno-deprecated -Wall -Wsign-compare -Wuninitialized -Wunused -Wno-deprecated-declarations -std=c++11  -Wno-deprecated -Wall -Wsign-compare -Wuninitialized -Wunused -Wno-deprecated-declarations -std=c++11  -Wno-deprecated -Wall -Wsign-compare -Wuninitialized -Wunused -Wno-deprecated-declarations -std=c++11  -Wno-deprecated -Wall -Wsign-compare -Wuninitialized -Wunused -Wno-deprecated-declarations -std=c++11  -Wno-deprecated -Wall -Wsign-compare -Wuninitialized -Wunused -Wno-deprecated-declarations -std=c++11  -Wno-deprecated -Wall -Wsign-compare -Wuninitialized -Wunused -Wno-deprecated-declarations -std=c++11  -Wno-deprecated -Wall -Wsign-compare -Wuninitialized -Wunused -Wno-deprecated-declarations -std=c++11  -Wno-deprecated -Wall -Wsign-compare -Wuninitialized -Wunused -Wno-deprecated-declarations -std=c++11  -Wno-deprecated -Wall -Wsign-compare -Wuninitialized -Wunused -Wno-deprecated-declarations -std=c++11  -Wno-deprecated -Wall -Wsign-compare -Wuninitialized -Wunused -Wno-deprecated-declarations -std=c++11 -Wno-deprecated -Wall -Wsign-compare -Wuninitialized -Wunused -Wno-deprecated-declarations -std=c++11  -Wno-deprecated -Wall -Wsign-compare -Wuninitialized -Wunused -Wno-deprecated-declarations -std=c++11  -Wno-deprecated -Wall -Wsign-compare -Wuninitialized -Wunused -Wno-deprecated-declarations -std=c++11  -Wno-deprecated -Wall -Wsign-compare -Wuninitialized -Wunused -Wno-deprecated-declarations -std=c++11  -Wno-deprecated -Wall -Wsign-compare -Wuninitialized -Wunused -Wno-deprecated-declarations -std=c++11  -Wno-deprecated -Wall -Wsign-compare -Wuninitialized -Wunused -Wno-deprecated-declarations -std=c++11  -Wno-deprecated -Wall -Wsign-compare -Wuninitialized -Wunused -Wno-deprecated-declarations -std=c++11  -Wno-deprecated -Wall -Wsign-compare -Wuninitialized -Wunused -Wno-deprecated-declarations -std=c++11  -Wno-deprecated -Wall -Wsign-compare -Wuninitialized -Wunused -Wno-deprecated-declarations -std=c++11  -Wno-deprecated -Wall -Wsign-compare -Wuninitialized -Wunused -Wno-deprecated-declarations -std=c++11  -Wno-deprecated -Wall -Wsign-compare -Wuninitialized -Wunused -Wno-deprecated-declarations -std=c++11  -Wno-deprecated -Wall -Wsign-compare -Wuninitialized -Wunused -Wno-deprecated-declarations -std=c++11  -Wno-deprecated -Wall -Wsign-compare -Wuninitialized -Wunused -Wno-deprecated-declarations -std=c++11     -DNDEBUG  ";
				OTHER_LDFLAGS = "  -Wl,-search_paths_first -Wl,-headerpad_max_install_names  -lroyale /opt/local/lib/libboost_system-mt.dylib /opt/local/lib/libboost_filesystem-mt.dylib /opt/local/lib/libboost_thread-mt.dylib /opt/local/lib/libboost_date_time-mt.dylib /opt/local/lib/libboost_iostreams-mt.dylib /opt/local/lib/libboost_serialization-mt.dylib /usr/local/lib/libpcl_common.dylib /usr/local/lib/libpcl_octree.dylib /usr/lib/libOpenNI.dylib /usr/local/lib/libpcl_io.dylib /opt/local/lib/libflann_cpp_s.a /usr/local/lib/libpcl_kdtree.dylib /usr/local/lib/libpcl_search.dylib /usr/local/lib/libpcl_sample_consensus.dylib /usr/local/lib/libpcl_filters.dylib /usr/local/lib/libpcl_features.dylib /usr/local/lib/libpcl_ml.dylib /usr/local/lib/libpcl_segmentation.dylib /usr/local/lib/libpcl_visualization.dylib /opt/local/lib/libqhull_p.dylib /usr/local/lib/libpcl_surface.dylib /usr/local/lib/libpcl_registration.dylib /usr/local/lib/libpcl_keypoints.dylib /usr/local/lib/libpcl_tracking.dylib /usr/local/lib/libpcl_recognition.dylib /usr/local/lib/libpcl_stereo.dylib /usr/local/lib/libpcl_outofcore.dylib /usr/local/lib/libpcl_people.dylib /opt/local/lib/libboost_system-mt.dylib /opt/local/lib/libboost_filesystem-mt.dylib /opt/local/lib/libboost_thread-mt.dylib /opt/local/lib/libboost_date_time-mt.dylib /opt/local/lib/libboost_iostreams-mt.dylib /opt/local/lib/libboost_serialization-mt.dylib /opt/local/lib/libqhull_p.dylib /usr/lib/libOpenNI.dylib /opt/local/lib/libflann_cpp_s.a /opt/local/lib/vtk-5.10/libvtkGenericFiltering.5.10.1.dylib /opt/local/lib/vtk-5.10/libvtkGeovis.5.10.1.dylib /opt/local/lib/vtk-5.10/libvtkCharts.5.10.1.dylib /usr/local/lib/libpcl_common.dylib /usr/local/lib/libpcl_octree.dylib /usr/local/lib/libpcl_io.dylib /usr/local/lib/libpcl_kdtree.dylib /usr/local/lib/libpcl_search.dylib /usr/local/lib/libpcl_sample_consensus.dylib /usr/local/lib/libpcl_filters.dylib /usr/local/lib/libpcl_features.dylib /usr/local/lib/libpcl_ml.dylib /usr/local/lib/libpcl_segmentation.dylib /usr/local/lib/libpcl_visualization.dylib /usr/local/lib/libpcl_surface.dylib /usr/local/lib/libpcl_registration.dylib /usr/local/lib/libpcl_keypoints.dylib /usr/local/lib/libpcl_tracking.dylib /usr/local/lib/libpcl_recognition.dylib /usr/local/lib/libpcl_stereo.dylib /usr/local/lib/libpcl_outofcore.dylib /usr/local/lib/libpcl_people.dylib /opt/local/lib/vtk-5.10/libvtkViews.5.10.1.dylib /opt/local/lib/vtk-5.10/libvtkInfovis.5.10.1.dylib /opt/local/lib/vtk-5.10/libvtkWidgets.5.10.1.dylib /opt/local/lib/vtk-5.10/libvtkVolumeRendering.5.10.1.dylib /opt/local/lib/vtk-5.10/libvtkHybrid.5.10.1.dylib /opt/local/lib/vtk-5.10/libvtkRendering.5.10.1.dylib /opt/local/lib/vtk-5.10/libvtkImaging.5.10.1.dylib /opt/local/lib/vtk-5.10/libvtkGraphics.5.10.1.dylib /opt/local/lib/vtk-5.10/libvtkIO.5.10.1.dylib /opt/local/lib/vtk-5.10/libvtkFiltering.5.10.1.dylib /opt/local/lib/vtk-5.10/libvtkCommon.5.10.1.dylib /opt/local/lib/vtk-5.10/libvtksys.5.10.1.dylib -lobjc -lm /opt/local/libexec/qt4/lib/libQtGui.dylib /opt/local/libexec/qt4/lib/libQtSql.dylib /opt/local/libexec/qt4/lib/libQtCore.dylib";
				OTHER_REZFLAGS = "";
				PRODUCT_NAME = sample2;
				SECTORDER_FLAGS = "";
				SYMROOT = "/Users/zhuda/Desktop/CamBoard_pico_flexx/libroyale/libroyale-1.0.5.40-APPLE-64Bit/samples/sample2";
				USE_HEADERMAP = NO;
				WARNING_CFLAGS = ("-Wmost", "-Wno-four-char-constants", "-Wno-unknown-pragmas", "$(inherited)", );
			};
			name = Release;
		};
		525EEBF0E8B34EDA9F5022D1 /* MinSizeRel */ = {
			isa = XCBuildConfiguration;
			buildSettings = {
				COMBINE_HIDPI_IMAGES = YES;
				GCC_GENERATE_DEBUGGING_SYMBOLS = YES;
				GCC_INLINES_ARE_PRIVATE_EXTERN = NO;
				GCC_OPTIMIZATION_LEVEL = 0;
				GCC_PREPROCESSOR_DEFINITIONS = ("'CMAKE_INTDIR=\"$(CONFIGURATION)$(EFFECTIVE_PLATFORM_NAME)\"'", );
				GCC_SYMBOLS_PRIVATE_EXTERN = NO;
				HEADER_SEARCH_PATHS = ("/opt/local/include/vtk-5.10", "/Users/zhuda/Desktop/CamBoard_pico_flexx/libroyale/libroyale-1.0.5.40-APPLE-64Bit/include", "/usr/local/include/pcl-1.8", /opt/local/include/eigen3, /opt/local/include, /usr/include/ni, );
				INSTALL_PATH = "";
				OTHER_LDFLAGS = " ";
				OTHER_REZFLAGS = "";
				PRODUCT_NAME = ZERO_CHECK;
				SECTORDER_FLAGS = "";
				SYMROOT = "/Users/zhuda/Desktop/CamBoard_pico_flexx/libroyale/libroyale-1.0.5.40-APPLE-64Bit/samples/sample2";
				USE_HEADERMAP = NO;
				WARNING_CFLAGS = ("-Wmost", "-Wno-four-char-constants", "-Wno-unknown-pragmas", "$(inherited)", );
			};
			name = MinSizeRel;
		};
		56B6797C401641D593E8FBC4 /* MinSizeRel */ = {
			isa = XCBuildConfiguration;
			buildSettings = {
				COMBINE_HIDPI_IMAGES = YES;
				GCC_GENERATE_DEBUGGING_SYMBOLS = YES;
				GCC_INLINES_ARE_PRIVATE_EXTERN = NO;
				GCC_OPTIMIZATION_LEVEL = 0;
				GCC_PREPROCESSOR_DEFINITIONS = ("'CMAKE_INTDIR=\"$(CONFIGURATION)$(EFFECTIVE_PLATFORM_NAME)\"'", );
				GCC_SYMBOLS_PRIVATE_EXTERN = NO;
				HEADER_SEARCH_PATHS = ("/opt/local/include/vtk-5.10", "/Users/zhuda/Desktop/CamBoard_pico_flexx/libroyale/libroyale-1.0.5.40-APPLE-64Bit/include", "/usr/local/include/pcl-1.8", /opt/local/include/eigen3, /opt/local/include, /usr/include/ni, );
				INSTALL_PATH = "";
				OTHER_LDFLAGS = " ";
				OTHER_REZFLAGS = "";
				PRODUCT_NAME = ALL_BUILD;
				SECTORDER_FLAGS = "";
				SYMROOT = "/Users/zhuda/Desktop/CamBoard_pico_flexx/libroyale/libroyale-1.0.5.40-APPLE-64Bit/samples/sample2";
				USE_HEADERMAP = NO;
				WARNING_CFLAGS = ("-Wmost", "-Wno-four-char-constants", "-Wno-unknown-pragmas", "$(inherited)", );
			};
			name = MinSizeRel;
		};
		667EC2F015DA41378D568164 /* Debug */ = {
			isa = XCBuildConfiguration;
			buildSettings = {
				COMBINE_HIDPI_IMAGES = YES;
				GCC_GENERATE_DEBUGGING_SYMBOLS = YES;
				GCC_INLINES_ARE_PRIVATE_EXTERN = NO;
				GCC_OPTIMIZATION_LEVEL = 0;
				GCC_PREPROCESSOR_DEFINITIONS = ("'CMAKE_INTDIR=\"$(CONFIGURATION)$(EFFECTIVE_PLATFORM_NAME)\"'", );
				GCC_SYMBOLS_PRIVATE_EXTERN = NO;
				HEADER_SEARCH_PATHS = ("/opt/local/include/vtk-5.10", "/Users/zhuda/Desktop/CamBoard_pico_flexx/libroyale/libroyale-1.0.5.40-APPLE-64Bit/include", "/usr/local/include/pcl-1.8", /opt/local/include/eigen3, /opt/local/include, /usr/include/ni, );
				INSTALL_PATH = "";
				OTHER_LDFLAGS = " ";
				OTHER_REZFLAGS = "";
				PRODUCT_NAME = ZERO_CHECK;
				SECTORDER_FLAGS = "";
				SYMROOT = "/Users/zhuda/Desktop/CamBoard_pico_flexx/libroyale/libroyale-1.0.5.40-APPLE-64Bit/samples/sample2";
				USE_HEADERMAP = NO;
				WARNING_CFLAGS = ("-Wmost", "-Wno-four-char-constants", "-Wno-unknown-pragmas", "$(inherited)", );
			};
			name = Debug;
		};
		7C19FFDF2CFE4E42A08659CF /* Release */ = {
			isa = XCBuildConfiguration;
			buildSettings = {
				MACOSX_DEPLOYMENT_TARGET = 10.10;
				ONLY_ACTIVE_ARCH = YES;
				SDKROOT = /Applications/Xcode.app/Contents/Developer/Platforms/MacOSX.platform/Developer/SDKs/MacOSX10.11.sdk;
				SYMROOT = "/Users/zhuda/Desktop/CamBoard_pico_flexx/libroyale/libroyale-1.0.5.40-APPLE-64Bit/samples/sample2/build";
			};
			name = Release;
		};
		8474F583A8664E81BEAB7EFE /* RelWithDebInfo */ = {
			isa = XCBuildConfiguration;
			buildSettings = {
				COMBINE_HIDPI_IMAGES = YES;
				GCC_GENERATE_DEBUGGING_SYMBOLS = YES;
				GCC_INLINES_ARE_PRIVATE_EXTERN = NO;
				GCC_OPTIMIZATION_LEVEL = 0;
				GCC_PREPROCESSOR_DEFINITIONS = ("'CMAKE_INTDIR=\"$(CONFIGURATION)$(EFFECTIVE_PLATFORM_NAME)\"'", );
				GCC_SYMBOLS_PRIVATE_EXTERN = NO;
				HEADER_SEARCH_PATHS = ("/opt/local/include/vtk-5.10", "/Users/zhuda/Desktop/CamBoard_pico_flexx/libroyale/libroyale-1.0.5.40-APPLE-64Bit/include", "/usr/local/include/pcl-1.8", /opt/local/include/eigen3, /opt/local/include, /usr/include/ni, );
				INSTALL_PATH = "";
				OTHER_LDFLAGS = " ";
				OTHER_REZFLAGS = "";
				PRODUCT_NAME = ZERO_CHECK;
				SECTORDER_FLAGS = "";
				SYMROOT = "/Users/zhuda/Desktop/CamBoard_pico_flexx/libroyale/libroyale-1.0.5.40-APPLE-64Bit/samples/sample2";
				USE_HEADERMAP = NO;
				WARNING_CFLAGS = ("-Wmost", "-Wno-four-char-constants", "-Wno-unknown-pragmas", "$(inherited)", );
			};
			name = RelWithDebInfo;
		};
		93BA2BC3408B4BC9BFAC45CD /* Debug */ = {
			isa = XCBuildConfiguration;
			buildSettings = {
				COMBINE_HIDPI_IMAGES = YES;
				EXECUTABLE_PREFIX = "";
				EXECUTABLE_SUFFIX = "";
				GCC_GENERATE_DEBUGGING_SYMBOLS = YES;
				GCC_INLINES_ARE_PRIVATE_EXTERN = NO;
				GCC_OPTIMIZATION_LEVEL = 0;
				GCC_PREPROCESSOR_DEFINITIONS = ("'CMAKE_INTDIR=\"$(CONFIGURATION)$(EFFECTIVE_PLATFORM_NAME)\"'", DISABLE_OPENNI2, DISABLE_ENSENSO, DISABLE_DAVIDSDK, DISABLE_DSSDK, DISABLE_PCAP, DISABLE_PNG, DISABLE_LIBUSB_1_0, DISABLE_RSSDK, EIGEN_USE_NEW_STDVECTOR, EIGEN_YES_I_KNOW_SPARSE_MODULE_IS_NOT_STABLE_YET, FLANN_STATIC, qh_QHpointer, );
				GCC_SYMBOLS_PRIVATE_EXTERN = NO;
				HEADER_SEARCH_PATHS = ("/opt/local/include/vtk-5.10", "/Users/zhuda/Desktop/CamBoard_pico_flexx/libroyale/libroyale-1.0.5.40-APPLE-64Bit/include", "/usr/local/include/pcl-1.8", /opt/local/include/eigen3, /opt/local/include, /usr/include/ni, );
				INSTALL_PATH = "";
				LD_RUNPATH_SEARCH_PATHS = "/usr/local/lib /Users/zhuda/Desktop/CamBoard_pico_flexx/libroyale/libroyale-1.0.5.40-APPLE-64Bit/bin";
				LIBRARY_SEARCH_PATHS = " /usr/local/lib/$(CONFIGURATION)$(EFFECTIVE_PLATFORM_NAME) /usr/local/lib /Users/zhuda/Desktop/CamBoard_pico_flexx/libroyale/libroyale-1.0.5.40-APPLE-64Bit/bin/$(CONFIGURATION)$(EFFECTIVE_PLATFORM_NAME) /Users/zhuda/Desktop/CamBoard_pico_flexx/libroyale/libroyale-1.0.5.40-APPLE-64Bit/bin";
				OTHER_CPLUSPLUSFLAGS = " -Wno-deprecated -Wall -Wsign-compare -Wuninitialized -Wunused -Wno-deprecated-declarations -std=c++11 -Wno-deprecated -Wall -Wsign-compare -Wuninitialized -Wunused -Wno-deprecated-declarations -std=c++11 -Wno-deprecated -Wall -Wsign-compare -Wuninitialized -Wunused -Wno-deprecated-declarations -std=c++11 -Wno-deprecated -Wall -Wsign-compare -Wuninitialized -Wunused -Wno-deprecated-declarations -std=c++11  -Wno-deprecated -Wall -Wsign-compare -Wuninitialized -Wunused -Wno-deprecated-declarations -std=c++11  -Wno-deprecated -Wall -Wsign-compare -Wuninitialized -Wunused -Wno-deprecated-declarations -std=c++11  -Wno-deprecated -Wall -Wsign-compare -Wuninitialized -Wunused -Wno-deprecated-declarations -std=c++11  -Wno-deprecated -Wall -Wsign-compare -Wuninitialized -Wunused -Wno-deprecated-declarations -std=c++11  -Wno-deprecated -Wall -Wsign-compare -Wuninitialized -Wunused -Wno-deprecated-declarations -std=c++11  -Wno-deprecated -Wall -Wsign-compare -Wuninitialized -Wunused -Wno-deprecated-declarations -std=c++11  -Wno-deprecated -Wall -Wsign-compare -Wuninitialized -Wunused -Wno-deprecated-declarations -std=c++11  -Wno-deprecated -Wall -Wsign-compare -Wuninitialized -Wunused -Wno-deprecated-declarations -std=c++11  -Wno-deprecated -Wall -Wsign-compare -Wuninitialized -Wunused -Wno-deprecated-declarations -std=c++11  -Wno-deprecated -Wall -Wsign-compare -Wuninitialized -Wunused -Wno-deprecated-declarations -std=c++11  -Wno-deprecated -Wall -Wsign-compare -Wuninitialized -Wunused -Wno-deprecated-declarations -std=c++11  -Wno-deprecated -Wall -Wsign-compare -Wuninitialized -Wunused -Wno-deprecated-declarations -std=c++11  -Wno-deprecated -Wall -Wsign-compare -Wuninitialized -Wunused -Wno-deprecated-declarations -std=c++11  -Wno-deprecated -Wall -Wsign-compare -Wuninitialized -Wunused -Wno-deprecated-declarations -std=c++11  -Wno-deprecated -Wall -Wsign-compare -Wuninitialized -Wunused -Wno-deprecated-declarations -std=c++11  -Wno-deprecated -Wall -Wsign-compare -Wuninitialized -Wunused -Wno-deprecated-declarations -std=c++11  -Wno-deprecated -Wall -Wsign-compare -Wuninitialized -Wunused -Wno-deprecated-declarations -std=c++11  -Wno-deprecated -Wall -Wsign-compare -Wuninitialized -Wunused -Wno-deprecated-declarations -std=c++11 -Wno-deprecated -Wall -Wsign-compare -Wuninitialized -Wunused -Wno-deprecated-declarations -std=c++11  -Wno-deprecated -Wall -Wsign-compare -Wuninitialized -Wunused -Wno-deprecated-declarations -std=c++11  -Wno-deprecated -Wall -Wsign-compare -Wuninitialized -Wunused -Wno-deprecated-declarations -std=c++11  -Wno-deprecated -Wall -Wsign-compare -Wuninitialized -Wunused -Wno-deprecated-declarations -std=c++11  -Wno-deprecated -Wall -Wsign-compare -Wuninitialized -Wunused -Wno-deprecated-declarations -std=c++11  -Wno-deprecated -Wall -Wsign-compare -Wuninitialized -Wunused -Wno-deprecated-declarations -std=c++11  -Wno-deprecated -Wall -Wsign-compare -Wuninitialized -Wunused -Wno-deprecated-declarations -std=c++11  -Wno-deprecated -Wall -Wsign-compare -Wuninitialized -Wunused -Wno-deprecated-declarations -std=c++11  -Wno-deprecated -Wall -Wsign-compare -Wuninitialized -Wunused -Wno-deprecated-declarations -std=c++11  -Wno-deprecated -Wall -Wsign-compare -Wuninitialized -Wunused -Wno-deprecated-declarations -std=c++11  -Wno-deprecated -Wall -Wsign-compare -Wuninitialized -Wunused -Wno-deprecated-declarations -std=c++11  -Wno-deprecated -Wall -Wsign-compare -Wuninitialized -Wunused -Wno-deprecated-declarations -std=c++11  -Wno-deprecated -Wall -Wsign-compare -Wuninitialized -Wunused -Wno-deprecated-declarations -std=c++11     ";
				OTHER_LDFLAGS = "  -Wl,-search_paths_first -Wl,-headerpad_max_install_names  -lroyale /opt/local/lib/libboost_system-mt.dylib /opt/local/lib/libboost_filesystem-mt.dylib /opt/local/lib/libboost_thread-mt.dylib /opt/local/lib/libboost_date_time-mt.dylib /opt/local/lib/libboost_iostreams-mt.dylib /opt/local/lib/libboost_serialization-mt.dylib /usr/local/lib/libpcl_common.dylib /usr/local/lib/libpcl_octree.dylib /usr/lib/libOpenNI.dylib /usr/local/lib/libpcl_io.dylib /opt/local/lib/libflann_cpp_s.a /usr/local/lib/libpcl_kdtree.dylib /usr/local/lib/libpcl_search.dylib /usr/local/lib/libpcl_sample_consensus.dylib /usr/local/lib/libpcl_filters.dylib /usr/local/lib/libpcl_features.dylib /usr/local/lib/libpcl_ml.dylib /usr/local/lib/libpcl_segmentation.dylib /usr/local/lib/libpcl_visualization.dylib /opt/local/lib/libqhull_p.dylib /usr/local/lib/libpcl_surface.dylib /usr/local/lib/libpcl_registration.dylib /usr/local/lib/libpcl_keypoints.dylib /usr/local/lib/libpcl_tracking.dylib /usr/local/lib/libpcl_recognition.dylib /usr/local/lib/libpcl_stereo.dylib /usr/local/lib/libpcl_outofcore.dylib /usr/local/lib/libpcl_people.dylib /opt/local/lib/libboost_system-mt.dylib /opt/local/lib/libboost_filesystem-mt.dylib /opt/local/lib/libboost_thread-mt.dylib /opt/local/lib/libboost_date_time-mt.dylib /opt/local/lib/libboost_iostreams-mt.dylib /opt/local/lib/libboost_serialization-mt.dylib /opt/local/lib/libqhull_p.dylib /usr/lib/libOpenNI.dylib /opt/local/lib/libflann_cpp_s.a /opt/local/lib/vtk-5.10/libvtkGenericFiltering.5.10.1.dylib /opt/local/lib/vtk-5.10/libvtkGeovis.5.10.1.dylib /opt/local/lib/vtk-5.10/libvtkCharts.5.10.1.dylib /usr/local/lib/libpcl_common.dylib /usr/local/lib/libpcl_octree.dylib /usr/local/lib/libpcl_io.dylib /usr/local/lib/libpcl_kdtree.dylib /usr/local/lib/libpcl_search.dylib /usr/local/lib/libpcl_sample_consensus.dylib /usr/local/lib/libpcl_filters.dylib /usr/local/lib/libpcl_features.dylib /usr/local/lib/libpcl_ml.dylib /usr/local/lib/libpcl_segmentation.dylib /usr/local/lib/libpcl_visualization.dylib /usr/local/lib/libpcl_surface.dylib /usr/local/lib/libpcl_registration.dylib /usr/local/lib/libpcl_keypoints.dylib /usr/local/lib/libpcl_tracking.dylib /usr/local/lib/libpcl_recognition.dylib /usr/local/lib/libpcl_stereo.dylib /usr/local/lib/libpcl_outofcore.dylib /usr/local/lib/libpcl_people.dylib /opt/local/lib/vtk-5.10/libvtkViews.5.10.1.dylib /opt/local/lib/vtk-5.10/libvtkInfovis.5.10.1.dylib /opt/local/lib/vtk-5.10/libvtkWidgets.5.10.1.dylib /opt/local/lib/vtk-5.10/libvtkVolumeRendering.5.10.1.dylib /opt/local/lib/vtk-5.10/libvtkHybrid.5.10.1.dylib /opt/local/lib/vtk-5.10/libvtkRendering.5.10.1.dylib /opt/local/lib/vtk-5.10/libvtkImaging.5.10.1.dylib /opt/local/lib/vtk-5.10/libvtkGraphics.5.10.1.dylib /opt/local/lib/vtk-5.10/libvtkIO.5.10.1.dylib /opt/local/lib/vtk-5.10/libvtkFiltering.5.10.1.dylib /opt/local/lib/vtk-5.10/libvtkCommon.5.10.1.dylib /opt/local/lib/vtk-5.10/libvtksys.5.10.1.dylib -lobjc -lm /opt/local/libexec/qt4/lib/libQtGui.dylib /opt/local/libexec/qt4/lib/libQtSql.dylib /opt/local/libexec/qt4/lib/libQtCore.dylib";
				OTHER_REZFLAGS = "";
				PRODUCT_NAME = sample2;
				SECTORDER_FLAGS = "";
				SYMROOT = "/Users/zhuda/Desktop/CamBoard_pico_flexx/libroyale/libroyale-1.0.5.40-APPLE-64Bit/samples/sample2";
				USE_HEADERMAP = NO;
				WARNING_CFLAGS = ("-Wmost", "-Wno-four-char-constants", "-Wno-unknown-pragmas", "$(inherited)", );
			};
			name = Debug;
		};
		B588F6C78713467FBA3E70EB /* MinSizeRel */ = {
			isa = XCBuildConfiguration;
			buildSettings = {
				MACOSX_DEPLOYMENT_TARGET = 10.10;
				ONLY_ACTIVE_ARCH = YES;
				SDKROOT = /Applications/Xcode.app/Contents/Developer/Platforms/MacOSX.platform/Developer/SDKs/MacOSX10.11.sdk;
				SYMROOT = "/Users/zhuda/Desktop/CamBoard_pico_flexx/libroyale/libroyale-1.0.5.40-APPLE-64Bit/samples/sample2/build";
			};
			name = MinSizeRel;
		};
		B93092F3DA1549DF8F4A49B9 /* Release */ = {
			isa = XCBuildConfiguration;
			buildSettings = {
				COMBINE_HIDPI_IMAGES = YES;
				GCC_GENERATE_DEBUGGING_SYMBOLS = YES;
				GCC_INLINES_ARE_PRIVATE_EXTERN = NO;
				GCC_OPTIMIZATION_LEVEL = 0;
				GCC_PREPROCESSOR_DEFINITIONS = ("'CMAKE_INTDIR=\"$(CONFIGURATION)$(EFFECTIVE_PLATFORM_NAME)\"'", );
				GCC_SYMBOLS_PRIVATE_EXTERN = NO;
				HEADER_SEARCH_PATHS = ("/opt/local/include/vtk-5.10", "/Users/zhuda/Desktop/CamBoard_pico_flexx/libroyale/libroyale-1.0.5.40-APPLE-64Bit/include", "/usr/local/include/pcl-1.8", /opt/local/include/eigen3, /opt/local/include, /usr/include/ni, );
				INSTALL_PATH = "";
				OTHER_LDFLAGS = " ";
				OTHER_REZFLAGS = "";
				PRODUCT_NAME = ALL_BUILD;
				SECTORDER_FLAGS = "";
				SYMROOT = "/Users/zhuda/Desktop/CamBoard_pico_flexx/libroyale/libroyale-1.0.5.40-APPLE-64Bit/samples/sample2";
				USE_HEADERMAP = NO;
				WARNING_CFLAGS = ("-Wmost", "-Wno-four-char-constants", "-Wno-unknown-pragmas", "$(inherited)", );
			};
			name = Release;
		};
		CD2E3441DE9B42D397BC8548 /* RelWithDebInfo */ = {
			isa = XCBuildConfiguration;
			buildSettings = {
				COMBINE_HIDPI_IMAGES = YES;
				EXECUTABLE_PREFIX = "";
				EXECUTABLE_SUFFIX = "";
				GCC_GENERATE_DEBUGGING_SYMBOLS = YES;
				GCC_INLINES_ARE_PRIVATE_EXTERN = NO;
				GCC_OPTIMIZATION_LEVEL = 2;
				GCC_PREPROCESSOR_DEFINITIONS = ("'CMAKE_INTDIR=\"$(CONFIGURATION)$(EFFECTIVE_PLATFORM_NAME)\"'", DISABLE_OPENNI2, DISABLE_ENSENSO, DISABLE_DAVIDSDK, DISABLE_DSSDK, DISABLE_PCAP, DISABLE_PNG, DISABLE_LIBUSB_1_0, DISABLE_RSSDK, EIGEN_USE_NEW_STDVECTOR, EIGEN_YES_I_KNOW_SPARSE_MODULE_IS_NOT_STABLE_YET, FLANN_STATIC, qh_QHpointer, );
				GCC_SYMBOLS_PRIVATE_EXTERN = NO;
				HEADER_SEARCH_PATHS = ("/opt/local/include/vtk-5.10", "/Users/zhuda/Desktop/CamBoard_pico_flexx/libroyale/libroyale-1.0.5.40-APPLE-64Bit/include", "/usr/local/include/pcl-1.8", /opt/local/include/eigen3, /opt/local/include, /usr/include/ni, );
				INSTALL_PATH = "";
				LD_RUNPATH_SEARCH_PATHS = "/usr/local/lib /Users/zhuda/Desktop/CamBoard_pico_flexx/libroyale/libroyale-1.0.5.40-APPLE-64Bit/bin";
				LIBRARY_SEARCH_PATHS = " /usr/local/lib/$(CONFIGURATION)$(EFFECTIVE_PLATFORM_NAME) /usr/local/lib /Users/zhuda/Desktop/CamBoard_pico_flexx/libroyale/libroyale-1.0.5.40-APPLE-64Bit/bin/$(CONFIGURATION)$(EFFECTIVE_PLATFORM_NAME) /Users/zhuda/Desktop/CamBoard_pico_flexx/libroyale/libroyale-1.0.5.40-APPLE-64Bit/bin";
				OTHER_CPLUSPLUSFLAGS = " -Wno-deprecated -Wall -Wsign-compare -Wuninitialized -Wunused -Wno-deprecated-declarations -std=c++11 -Wno-deprecated -Wall -Wsign-compare -Wuninitialized -Wunused -Wno-deprecated-declarations -std=c++11 -Wno-deprecated -Wall -Wsign-compare -Wuninitialized -Wunused -Wno-deprecated-declarations -std=c++11 -Wno-deprecated -Wall -Wsign-compare -Wuninitialized -Wunused -Wno-deprecated-declarations -std=c++11  -Wno-deprecated -Wall -Wsign-compare -Wuninitialized -Wunused -Wno-deprecated-declarations -std=c++11  -Wno-deprecated -Wall -Wsign-compare -Wuninitialized -Wunused -Wno-deprecated-declarations -std=c++11  -Wno-deprecated -Wall -Wsign-compare -Wuninitialized -Wunused -Wno-deprecated-declarations -std=c++11  -Wno-deprecated -Wall -Wsign-compare -Wuninitialized -Wunused -Wno-deprecated-declarations -std=c++11  -Wno-deprecated -Wall -Wsign-compare -Wuninitialized -Wunused -Wno-deprecated-declarations -std=c++11  -Wno-deprecated -Wall -Wsign-compare -Wuninitialized -Wunused -Wno-deprecated-declarations -std=c++11  -Wno-deprecated -Wall -Wsign-compare -Wuninitialized -Wunused -Wno-deprecated-declarations -std=c++11  -Wno-deprecated -Wall -Wsign-compare -Wuninitialized -Wunused -Wno-deprecated-declarations -std=c++11  -Wno-deprecated -Wall -Wsign-compare -Wuninitialized -Wunused -Wno-deprecated-declarations -std=c++11  -Wno-deprecated -Wall -Wsign-compare -Wuninitialized -Wunused -Wno-deprecated-declarations -std=c++11  -Wno-deprecated -Wall -Wsign-compare -Wuninitialized -Wunused -Wno-deprecated-declarations -std=c++11  -Wno-deprecated -Wall -Wsign-compare -Wuninitialized -Wunused -Wno-deprecated-declarations -std=c++11  -Wno-deprecated -Wall -Wsign-compare -Wuninitialized -Wunused -Wno-deprecated-declarations -std=c++11  -Wno-deprecated -Wall -Wsign-compare -Wuninitialized -Wunused -Wno-deprecated-declarations -std=c++11  -Wno-deprecated -Wall -Wsign-compare -Wuninitialized -Wunused -Wno-deprecated-declarations -std=c++11  -Wno-deprecated -Wall -Wsign-compare -Wuninitialized -Wunused -Wno-deprecated-declarations -std=c++11  -Wno-deprecated -Wall -Wsign-compare -Wuninitialized -Wunused -Wno-deprecated-declarations -std=c++11  -Wno-deprecated -Wall -Wsign-compare -Wuninitialized -Wunused -Wno-deprecated-declarations -std=c++11 -Wno-deprecated -Wall -Wsign-compare -Wuninitialized -Wunused -Wno-deprecated-declarations -std=c++11  -Wno-deprecated -Wall -Wsign-compare -Wuninitialized -Wunused -Wno-deprecated-declarations -std=c++11  -Wno-deprecated -Wall -Wsign-compare -Wuninitialized -Wunused -Wno-deprecated-declarations -std=c++11  -Wno-deprecated -Wall -Wsign-compare -Wuninitialized -Wunused -Wno-deprecated-declarations -std=c++11  -Wno-deprecated -Wall -Wsign-compare -Wuninitialized -Wunused -Wno-deprecated-declarations -std=c++11  -Wno-deprecated -Wall -Wsign-compare -Wuninitialized -Wunused -Wno-deprecated-declarations -std=c++11  -Wno-deprecated -Wall -Wsign-compare -Wuninitialized -Wunused -Wno-deprecated-declarations -std=c++11  -Wno-deprecated -Wall -Wsign-compare -Wuninitialized -Wunused -Wno-deprecated-declarations -std=c++11  -Wno-deprecated -Wall -Wsign-compare -Wuninitialized -Wunused -Wno-deprecated-declarations -std=c++11  -Wno-deprecated -Wall -Wsign-compare -Wuninitialized -Wunused -Wno-deprecated-declarations -std=c++11  -Wno-deprecated -Wall -Wsign-compare -Wuninitialized -Wunused -Wno-deprecated-declarations -std=c++11  -Wno-deprecated -Wall -Wsign-compare -Wuninitialized -Wunused -Wno-deprecated-declarations -std=c++11  -Wno-deprecated -Wall -Wsign-compare -Wuninitialized -Wunused -Wno-deprecated-declarations -std=c++11        -DNDEBUG  ";
				OTHER_LDFLAGS = "  -Wl,-search_paths_first -Wl,-headerpad_max_install_names  -lroyale /opt/local/lib/libboost_system-mt.dylib /opt/local/lib/libboost_filesystem-mt.dylib /opt/local/lib/libboost_thread-mt.dylib /opt/local/lib/libboost_date_time-mt.dylib /opt/local/lib/libboost_iostreams-mt.dylib /opt/local/lib/libboost_serialization-mt.dylib /usr/local/lib/libpcl_common.dylib /usr/local/lib/libpcl_octree.dylib /usr/lib/libOpenNI.dylib /usr/local/lib/libpcl_io.dylib /opt/local/lib/libflann_cpp_s.a /usr/local/lib/libpcl_kdtree.dylib /usr/local/lib/libpcl_search.dylib /usr/local/lib/libpcl_sample_consensus.dylib /usr/local/lib/libpcl_filters.dylib /usr/local/lib/libpcl_features.dylib /usr/local/lib/libpcl_ml.dylib /usr/local/lib/libpcl_segmentation.dylib /usr/local/lib/libpcl_visualization.dylib /opt/local/lib/libqhull_p.dylib /usr/local/lib/libpcl_surface.dylib /usr/local/lib/libpcl_registration.dylib /usr/local/lib/libpcl_keypoints.dylib /usr/local/lib/libpcl_tracking.dylib /usr/local/lib/libpcl_recognition.dylib /usr/local/lib/libpcl_stereo.dylib /usr/local/lib/libpcl_outofcore.dylib /usr/local/lib/libpcl_people.dylib /opt/local/lib/libboost_system-mt.dylib /opt/local/lib/libboost_filesystem-mt.dylib /opt/local/lib/libboost_thread-mt.dylib /opt/local/lib/libboost_date_time-mt.dylib /opt/local/lib/libboost_iostreams-mt.dylib /opt/local/lib/libboost_serialization-mt.dylib /opt/local/lib/libqhull_p.dylib /usr/lib/libOpenNI.dylib /opt/local/lib/libflann_cpp_s.a /opt/local/lib/vtk-5.10/libvtkGenericFiltering.5.10.1.dylib /opt/local/lib/vtk-5.10/libvtkGeovis.5.10.1.dylib /opt/local/lib/vtk-5.10/libvtkCharts.5.10.1.dylib /usr/local/lib/libpcl_common.dylib /usr/local/lib/libpcl_octree.dylib /usr/local/lib/libpcl_io.dylib /usr/local/lib/libpcl_kdtree.dylib /usr/local/lib/libpcl_search.dylib /usr/local/lib/libpcl_sample_consensus.dylib /usr/local/lib/libpcl_filters.dylib /usr/local/lib/libpcl_features.dylib /usr/local/lib/libpcl_ml.dylib /usr/local/lib/libpcl_segmentation.dylib /usr/local/lib/libpcl_visualization.dylib /usr/local/lib/libpcl_surface.dylib /usr/local/lib/libpcl_registration.dylib /usr/local/lib/libpcl_keypoints.dylib /usr/local/lib/libpcl_tracking.dylib /usr/local/lib/libpcl_recognition.dylib /usr/local/lib/libpcl_stereo.dylib /usr/local/lib/libpcl_outofcore.dylib /usr/local/lib/libpcl_people.dylib /opt/local/lib/vtk-5.10/libvtkViews.5.10.1.dylib /opt/local/lib/vtk-5.10/libvtkInfovis.5.10.1.dylib /opt/local/lib/vtk-5.10/libvtkWidgets.5.10.1.dylib /opt/local/lib/vtk-5.10/libvtkVolumeRendering.5.10.1.dylib /opt/local/lib/vtk-5.10/libvtkHybrid.5.10.1.dylib /opt/local/lib/vtk-5.10/libvtkRendering.5.10.1.dylib /opt/local/lib/vtk-5.10/libvtkImaging.5.10.1.dylib /opt/local/lib/vtk-5.10/libvtkGraphics.5.10.1.dylib /opt/local/lib/vtk-5.10/libvtkIO.5.10.1.dylib /opt/local/lib/vtk-5.10/libvtkFiltering.5.10.1.dylib /opt/local/lib/vtk-5.10/libvtkCommon.5.10.1.dylib /opt/local/lib/vtk-5.10/libvtksys.5.10.1.dylib -lobjc -lm /opt/local/libexec/qt4/lib/libQtGui.dylib /opt/local/libexec/qt4/lib/libQtSql.dylib /opt/local/libexec/qt4/lib/libQtCore.dylib";
				OTHER_REZFLAGS = "";
				PRODUCT_NAME = sample2;
				SECTORDER_FLAGS = "";
				SYMROOT = "/Users/zhuda/Desktop/CamBoard_pico_flexx/libroyale/libroyale-1.0.5.40-APPLE-64Bit/samples/sample2";
				USE_HEADERMAP = NO;
				WARNING_CFLAGS = ("-Wmost", "-Wno-four-char-constants", "-Wno-unknown-pragmas", "$(inherited)", );
			};
			name = RelWithDebInfo;
		};
		D55562C4E9DC4750A9F64046 /* RelWithDebInfo */ = {
			isa = XCBuildConfiguration;
			buildSettings = {
				COMBINE_HIDPI_IMAGES = YES;
				GCC_GENERATE_DEBUGGING_SYMBOLS = YES;
				GCC_INLINES_ARE_PRIVATE_EXTERN = NO;
				GCC_OPTIMIZATION_LEVEL = 0;
				GCC_PREPROCESSOR_DEFINITIONS = ("'CMAKE_INTDIR=\"$(CONFIGURATION)$(EFFECTIVE_PLATFORM_NAME)\"'", );
				GCC_SYMBOLS_PRIVATE_EXTERN = NO;
				HEADER_SEARCH_PATHS = ("/opt/local/include/vtk-5.10", "/Users/zhuda/Desktop/CamBoard_pico_flexx/libroyale/libroyale-1.0.5.40-APPLE-64Bit/include", "/usr/local/include/pcl-1.8", /opt/local/include/eigen3, /opt/local/include, /usr/include/ni, );
				INSTALL_PATH = "";
				OTHER_LDFLAGS = " ";
				OTHER_REZFLAGS = "";
				PRODUCT_NAME = ALL_BUILD;
				SECTORDER_FLAGS = "";
				SYMROOT = "/Users/zhuda/Desktop/CamBoard_pico_flexx/libroyale/libroyale-1.0.5.40-APPLE-64Bit/samples/sample2";
				USE_HEADERMAP = NO;
				WARNING_CFLAGS = ("-Wmost", "-Wno-four-char-constants", "-Wno-unknown-pragmas", "$(inherited)", );
			};
			name = RelWithDebInfo;
		};
		DA4320D6C125405B8A111DF4 /* RelWithDebInfo */ = {
			isa = XCBuildConfiguration;
			buildSettings = {
				MACOSX_DEPLOYMENT_TARGET = 10.10;
				ONLY_ACTIVE_ARCH = YES;
				SDKROOT = /Applications/Xcode.app/Contents/Developer/Platforms/MacOSX.platform/Developer/SDKs/MacOSX10.11.sdk;
				SYMROOT = "/Users/zhuda/Desktop/CamBoard_pico_flexx/libroyale/libroyale-1.0.5.40-APPLE-64Bit/samples/sample2/build";
			};
			name = RelWithDebInfo;
		};
		DAA1D182DD174E038717AC44 /* Debug */ = {
			isa = XCBuildConfiguration;
			buildSettings = {
				COMBINE_HIDPI_IMAGES = YES;
				GCC_GENERATE_DEBUGGING_SYMBOLS = YES;
				GCC_INLINES_ARE_PRIVATE_EXTERN = NO;
				GCC_OPTIMIZATION_LEVEL = 0;
				GCC_PREPROCESSOR_DEFINITIONS = ("'CMAKE_INTDIR=\"$(CONFIGURATION)$(EFFECTIVE_PLATFORM_NAME)\"'", );
				GCC_SYMBOLS_PRIVATE_EXTERN = NO;
				HEADER_SEARCH_PATHS = ("/opt/local/include/vtk-5.10", "/Users/zhuda/Desktop/CamBoard_pico_flexx/libroyale/libroyale-1.0.5.40-APPLE-64Bit/include", "/usr/local/include/pcl-1.8", /opt/local/include/eigen3, /opt/local/include, /usr/include/ni, );
				INSTALL_PATH = "";
				OTHER_LDFLAGS = " ";
				OTHER_REZFLAGS = "";
				PRODUCT_NAME = ALL_BUILD;
				SECTORDER_FLAGS = "";
				SYMROOT = "/Users/zhuda/Desktop/CamBoard_pico_flexx/libroyale/libroyale-1.0.5.40-APPLE-64Bit/samples/sample2";
				USE_HEADERMAP = NO;
				WARNING_CFLAGS = ("-Wmost", "-Wno-four-char-constants", "-Wno-unknown-pragmas", "$(inherited)", );
			};
			name = Debug;
		};
		EED31659E57B4DCEAC3225C7 /* Debug */ = {
			isa = XCBuildConfiguration;
			buildSettings = {
				MACOSX_DEPLOYMENT_TARGET = 10.10;
				ONLY_ACTIVE_ARCH = YES;
				SDKROOT = /Applications/Xcode.app/Contents/Developer/Platforms/MacOSX.platform/Developer/SDKs/MacOSX10.11.sdk;
				SYMROOT = "/Users/zhuda/Desktop/CamBoard_pico_flexx/libroyale/libroyale-1.0.5.40-APPLE-64Bit/samples/sample2/build";
			};
			name = Debug;
		};
		F7FBE7A5608543379AD554A0 /* Release */ = {
			isa = XCBuildConfiguration;
			buildSettings = {
				COMBINE_HIDPI_IMAGES = YES;
				GCC_GENERATE_DEBUGGING_SYMBOLS = YES;
				GCC_INLINES_ARE_PRIVATE_EXTERN = NO;
				GCC_OPTIMIZATION_LEVEL = 0;
				GCC_PREPROCESSOR_DEFINITIONS = ("'CMAKE_INTDIR=\"$(CONFIGURATION)$(EFFECTIVE_PLATFORM_NAME)\"'", );
				GCC_SYMBOLS_PRIVATE_EXTERN = NO;
				HEADER_SEARCH_PATHS = ("/opt/local/include/vtk-5.10", "/Users/zhuda/Desktop/CamBoard_pico_flexx/libroyale/libroyale-1.0.5.40-APPLE-64Bit/include", "/usr/local/include/pcl-1.8", /opt/local/include/eigen3, /opt/local/include, /usr/include/ni, );
				INSTALL_PATH = "";
				OTHER_LDFLAGS = " ";
				OTHER_REZFLAGS = "";
				PRODUCT_NAME = ZERO_CHECK;
				SECTORDER_FLAGS = "";
				SYMROOT = "/Users/zhuda/Desktop/CamBoard_pico_flexx/libroyale/libroyale-1.0.5.40-APPLE-64Bit/samples/sample2";
				USE_HEADERMAP = NO;
				WARNING_CFLAGS = ("-Wmost", "-Wno-four-char-constants", "-Wno-unknown-pragmas", "$(inherited)", );
			};
			name = Release;
		};
/* End XCBuildConfiguration section */

/* Begin XCConfigurationList section */
		2B3BF65EA17B408EB7369281 /* Build configuration list for PBXNativeTarget "sample2" */ = {
			isa = XCConfigurationList;
			buildConfigurations = (
				93BA2BC3408B4BC9BFAC45CD /* Debug */,
				4D38D900FD4A4D48B8B750D0 /* Release */,
				35A106322487481EAC27BEFB /* MinSizeRel */,
				CD2E3441DE9B42D397BC8548 /* RelWithDebInfo */,
			);
			defaultConfigurationIsVisible = 0;
			defaultConfigurationName = Debug;
		};
		3C53CD36D32A42378A354364 /* Build configuration list for PBXAggregateTarget "ZERO_CHECK" */ = {
			isa = XCConfigurationList;
			buildConfigurations = (
				667EC2F015DA41378D568164 /* Debug */,
				F7FBE7A5608543379AD554A0 /* Release */,
				525EEBF0E8B34EDA9F5022D1 /* MinSizeRel */,
				8474F583A8664E81BEAB7EFE /* RelWithDebInfo */,
			);
			defaultConfigurationIsVisible = 0;
			defaultConfigurationName = Debug;
		};
		6B0C33286BCB49A2BB71F332 /* Build configuration list for PBXAggregateTarget "ALL_BUILD" */ = {
			isa = XCConfigurationList;
			buildConfigurations = (
				DAA1D182DD174E038717AC44 /* Debug */,
				B93092F3DA1549DF8F4A49B9 /* Release */,
				56B6797C401641D593E8FBC4 /* MinSizeRel */,
				D55562C4E9DC4750A9F64046 /* RelWithDebInfo */,
			);
			defaultConfigurationIsVisible = 0;
			defaultConfigurationName = Debug;
		};
		813EE885CF6E437284D02C9A /* Build configuration list for PBXProject "sample2" */ = {
			isa = XCConfigurationList;
			buildConfigurations = (
				EED31659E57B4DCEAC3225C7 /* Debug */,
				7C19FFDF2CFE4E42A08659CF /* Release */,
				B588F6C78713467FBA3E70EB /* MinSizeRel */,
				DA4320D6C125405B8A111DF4 /* RelWithDebInfo */,
			);
			defaultConfigurationIsVisible = 0;
			defaultConfigurationName = Debug;
		};
/* End XCConfigurationList section */
	};
	rootObject = 00F0574F7D524E89BDCDC08B /* Project object */;
}
