// !$*UTF8*$!
{
	archiveVersion = 1;
	classes = {
	};
	objectVersion = 46;
	objects = {

/* Begin PBXAggregateTarget section */
		000FDFA1220E425F974180DA /* ZERO_CHECK */ = {
			isa = PBXAggregateTarget;
			buildConfigurationList = 16803579E66F4364895A01B1 /* Build configuration list for PBXAggregateTarget "ZERO_CHECK" */;
			buildPhases = (
				080EE324504D4144B2869405 /* CMake Rules */,
			);
			dependencies = (
			);
			name = ZERO_CHECK;
			productName = ZERO_CHECK;
		};
		9802D00A44B341859888F6E4 /* ALL_BUILD */ = {
			isa = PBXAggregateTarget;
			buildConfigurationList = 108CF29FB187404D8AB9E16E /* Build configuration list for PBXAggregateTarget "ALL_BUILD" */;
			buildPhases = (
				5BB8EB959C18425382632665 /* CMake Rules */,
			);
			dependencies = (
				7A15C814236348A0B6A611B9 /* PBXTargetDependency */,
				C0F29824F2FC4AAD83FF6594 /* PBXTargetDependency */,
			);
			name = ALL_BUILD;
			productName = ALL_BUILD;
		};
/* End PBXAggregateTarget section */

/* Begin PBXBuildFile section */
		4B92EE1DFD684FC5AAA85497 /* /Users/zhuda/Desktop/CamBoard_pico_flexx/libroyale/libroyale-1.0.5.40-APPLE-64Bit/samples/sample2/CMakeLists.txt */ = {isa = PBXBuildFile; fileRef = 427F439A758740D0BA5BABCF /* /Users/zhuda/Desktop/CamBoard_pico_flexx/libroyale/libroyale-1.0.5.40-APPLE-64Bit/samples/sample2/CMakeLists.txt */; settings = {COMPILER_FLAGS = ""; }; };
		B32767057A5249BF8ED9270E /* /Users/zhuda/Desktop/CamBoard_pico_flexx/libroyale/libroyale-1.0.5.40-APPLE-64Bit/samples/sample2/sample2.cpp */ = {isa = PBXBuildFile; fileRef = 2C85545D05CE44B2A3504C09 /* /Users/zhuda/Desktop/CamBoard_pico_flexx/libroyale/libroyale-1.0.5.40-APPLE-64Bit/samples/sample2/sample2.cpp */; settings = {COMPILER_FLAGS = ""; }; };
/* End PBXBuildFile section */

/* Begin PBXBuildStyle section */
		931B0CC896484E1CA3A1D398 /* MinSizeRel */ = {
			isa = PBXBuildStyle;
			buildSettings = {
				COPY_PHASE_STRIP = NO;
			};
			name = MinSizeRel;
		};
		940679676E554E8682DD19C9 /* RelWithDebInfo */ = {
			isa = PBXBuildStyle;
			buildSettings = {
				COPY_PHASE_STRIP = NO;
			};
			name = RelWithDebInfo;
		};
		A7D5368ECA414F7C8A8DCB81 = {
			isa = PBXBuildStyle;
		};
		C157FFD3633A4EC0A7193EEA /* Debug */ = {
			isa = PBXBuildStyle;
			buildSettings = {
				COPY_PHASE_STRIP = NO;
			};
			name = Debug;
		};
		EDCBC3CC5D5E4D3F9E346DC9 /* Release */ = {
			isa = PBXBuildStyle;
			buildSettings = {
				COPY_PHASE_STRIP = NO;
			};
			name = Release;
		};
/* End PBXBuildStyle section */

/* Begin PBXContainerItemProxy section */
		40C9B11085D24E0CBC3EAE96 /* PBXContainerItemProxy */ = {
			isa = PBXContainerItemProxy;
			containerPortal = 00F0574F7D524E89BDCDC08B /* Project object */;
			proxyType = 1;
			remoteGlobalIDString = C99EC1A647A24D0793042C46;
			remoteInfo = sample2;
		};
		483D30563A544B2E9325F048 /* PBXContainerItemProxy */ = {
			isa = PBXContainerItemProxy;
			containerPortal = 00F0574F7D524E89BDCDC08B /* Project object */;
			proxyType = 1;
			remoteGlobalIDString = 000FDFA1220E425F974180DA;
			remoteInfo = ZERO_CHECK;
		};
		CBCF8384DBC64B62B4B21612 /* PBXContainerItemProxy */ = {
			isa = PBXContainerItemProxy;
			containerPortal = 00F0574F7D524E89BDCDC08B /* Project object */;
			proxyType = 1;
			remoteGlobalIDString = 000FDFA1220E425F974180DA;
			remoteInfo = ZERO_CHECK;
		};
/* End PBXContainerItemProxy section */

/* Begin PBXFileReference section */
		2C85545D05CE44B2A3504C09 /* /Users/zhuda/Desktop/CamBoard_pico_flexx/libroyale/libroyale-1.0.5.40-APPLE-64Bit/samples/sample2/sample2.cpp */ = {isa = PBXFileReference; explicitFileType = sourcecode.cpp.cpp; fileEncoding = 4; name = sample2.cpp; path = sample2.cpp; sourceTree = SOURCE_ROOT; };
		427F439A758740D0BA5BABCF /* /Users/zhuda/Desktop/CamBoard_pico_flexx/libroyale/libroyale-1.0.5.40-APPLE-64Bit/samples/sample2/CMakeLists.txt */ = {isa = PBXFileReference; explicitFileType = sourcecode.text; fileEncoding = 4; name = CMakeLists.txt; path = CMakeLists.txt; sourceTree = SOURCE_ROOT; };
		4B8529B2E1774C1186465ED3 /* /Users/zhuda/Desktop/CamBoard_pico_flexx/libroyale/libroyale-1.0.5.40-APPLE-64Bit/samples/sample2/CMakeLists.txt */ = {isa = PBXFileReference; explicitFileType = sourcecode.text; fileEncoding = 4; name = CMakeLists.txt; path = CMakeLists.txt; sourceTree = SOURCE_ROOT; };
		D48E3D2003DA44F0A0DAAC3A /* sample2 */ = {isa = PBXFileReference; explicitFileType = "compiled.mach-o.executable"; path = sample2; refType = 0; sourceTree = BUILT_PRODUCTS_DIR; };
		DD30643E86584CA7B5108ABB /* /Users/zhuda/Desktop/CamBoard_pico_flexx/libroyale/libroyale-1.0.5.40-APPLE-64Bit/samples/sample2/CMakeLists.txt */ = {isa = PBXFileReference; explicitFileType = sourcecode.text; fileEncoding = 4; name = CMakeLists.txt; path = CMakeLists.txt; sourceTree = SOURCE_ROOT; };
/* End PBXFileReference section */

/* Begin PBXGroup section */
		1693EDD8FC634836989AF1F9 /* Products */ = {
			isa = PBXGroup;
			children = (
				D48E3D2003DA44F0A0DAAC3A /* sample2 */,
			);
			name = Products;
			sourceTree = "<group>";
		};
		4476C92FF5904AB89B522574 /* Source Files */ = {
			isa = PBXGroup;
			children = (
				2C85545D05CE44B2A3504C09 /* /Users/zhuda/Desktop/CamBoard_pico_flexx/libroyale/libroyale-1.0.5.40-APPLE-64Bit/samples/sample2/sample2.cpp */,
			);
			name = "Source Files";
			sourceTree = "<group>";
		};
		5C333393756140C6BCB4732C /* sample2 */ = {
			isa = PBXGroup;
			children = (
				4476C92FF5904AB89B522574 /* Source Files */,
				427F439A758740D0BA5BABCF /* /Users/zhuda/Desktop/CamBoard_pico_flexx/libroyale/libroyale-1.0.5.40-APPLE-64Bit/samples/sample2/CMakeLists.txt */,
			);
			name = sample2;
			sourceTree = "<group>";
		};
		81CC4DB1AE4E443B99DDE200 /* Sources */ = {
			isa = PBXGroup;
			children = (
				94F74A0F8C164D199561666D /* ZERO_CHECK */,
				B6383AD1449C45A491DA1139 /* ALL_BUILD */,
				5C333393756140C6BCB4732C /* sample2 */,
			);
			name = Sources;
			sourceTree = "<group>";
		};
		94F74A0F8C164D199561666D /* ZERO_CHECK */ = {
			isa = PBXGroup;
			children = (
				CD642D3F62CC4BFB93CD5D69 /* CMake Rules */,
				DD30643E86584CA7B5108ABB /* /Users/zhuda/Desktop/CamBoard_pico_flexx/libroyale/libroyale-1.0.5.40-APPLE-64Bit/samples/sample2/CMakeLists.txt */,
			);
			name = ZERO_CHECK;
			sourceTree = "<group>";
		};
		A03FAE879F1A4BA9BACF26B8 /* CMake Rules */ = {
			isa = PBXGroup;
			children = (
			);
			name = "CMake Rules";
			sourceTree = "<group>";
		};
		AF66EF0406284A00B4260A27 /* Resources */ = {
			isa = PBXGroup;
			children = (
			);
			name = Resources;
			sourceTree = "<group>";
		};
		B6383AD1449C45A491DA1139 /* ALL_BUILD */ = {
			isa = PBXGroup;
			children = (
				A03FAE879F1A4BA9BACF26B8 /* CMake Rules */,
				4B8529B2E1774C1186465ED3 /* /Users/zhuda/Desktop/CamBoard_pico_flexx/libroyale/libroyale-1.0.5.40-APPLE-64Bit/samples/sample2/CMakeLists.txt */,
			);
			name = ALL_BUILD;
			sourceTree = "<group>";
		};
		C18CFC5912694224979D5F4D = {
			isa = PBXGroup;
			children = (
				81CC4DB1AE4E443B99DDE200 /* Sources */,
				AF66EF0406284A00B4260A27 /* Resources */,
				1693EDD8FC634836989AF1F9 /* Products */,
			);
			sourceTree = "<group>";
		};
		CD642D3F62CC4BFB93CD5D69 /* CMake Rules */ = {
			isa = PBXGroup;
			children = (
			);
			name = "CMake Rules";
			sourceTree = "<group>";
		};
/* End PBXGroup section */

/* Begin PBXNativeTarget section */
		C99EC1A647A24D0793042C46 /* sample2 */ = {
			isa = PBXNativeTarget;
			buildConfigurationList = C1DC9FAEA6DE4A40ACC829F9 /* Build configuration list for PBXNativeTarget "sample2" */;
			buildPhases = (
				D86E5F1F51784ADABACC196F /* Sources */,
				4B3D0B134B5A416AAD81DF75 /* CMake PostBuild Rules */,
			);
			buildRules = (
			);
			dependencies = (
				0BAA452422664850B36A3844 /* PBXTargetDependency */,
			);
			name = sample2;
			productName = sample2;
			productReference = D48E3D2003DA44F0A0DAAC3A /* sample2 */;
			productType = "com.apple.product-type.tool";
		};
/* End PBXNativeTarget section */

/* Begin PBXProject section */
		00F0574F7D524E89BDCDC08B /* Project object */ = {
			isa = PBXProject;
			attributes = {
				BuildIndependentTargetsInParallel = YES;
			};
			buildConfigurationList = DC5CFF93D3D34C34AF2748C1 /* Build configuration list for PBXProject "sample2" */;
			buildSettings = {
			};
			buildStyles = (
				C157FFD3633A4EC0A7193EEA /* Debug */,
				EDCBC3CC5D5E4D3F9E346DC9 /* Release */,
				931B0CC896484E1CA3A1D398 /* MinSizeRel */,
				940679676E554E8682DD19C9 /* RelWithDebInfo */,
			);
			compatibilityVersion = "Xcode 3.2";
			hasScannedForEncodings = 0;
			mainGroup = C18CFC5912694224979D5F4D;
			projectDirPath = .;
			projectRoot = "";
			targets = (
				9802D00A44B341859888F6E4 /* ALL_BUILD */,
				000FDFA1220E425F974180DA /* ZERO_CHECK */,
				C99EC1A647A24D0793042C46 /* sample2 */,
			);
		};
/* End PBXProject section */

/* Begin PBXShellScriptBuildPhase section */
		080EE324504D4144B2869405 /* CMake Rules */ = {
			isa = PBXShellScriptBuildPhase;
			buildActionMask = 2147483647;
			files = (
			);
			name = "CMake Rules";
			runOnlyForDeploymentPostprocessing = 0;
			shellPath = /bin/sh;
			shellScript = "make -C /Users/zhuda/Desktop/CamBoard_pico_flexx/libroyale/libroyale-1.0.5.40-APPLE-64Bit/samples/sample2 -f /Users/zhuda/Desktop/CamBoard_pico_flexx/libroyale/libroyale-1.0.5.40-APPLE-64Bit/samples/sample2/CMakeScripts/ZERO_CHECK_cmakeRulesBuildPhase.make$CONFIGURATION all";
			showEnvVarsInLog = 0;
		};
		4B3D0B134B5A416AAD81DF75 /* CMake PostBuild Rules */ = {
			isa = PBXShellScriptBuildPhase;
			buildActionMask = 2147483647;
			files = (
			);
			name = "CMake PostBuild Rules";
			runOnlyForDeploymentPostprocessing = 0;
			shellPath = /bin/sh;
			shellScript = "make -C /Users/zhuda/Desktop/CamBoard_pico_flexx/libroyale/libroyale-1.0.5.40-APPLE-64Bit/samples/sample2 -f /Users/zhuda/Desktop/CamBoard_pico_flexx/libroyale/libroyale-1.0.5.40-APPLE-64Bit/samples/sample2/CMakeScripts/sample2_postBuildPhase.make$CONFIGURATION all";
			showEnvVarsInLog = 0;
		};
		5BB8EB959C18425382632665 /* CMake Rules */ = {
			isa = PBXShellScriptBuildPhase;
			buildActionMask = 2147483647;
			files = (
			);
			name = "CMake Rules";
			runOnlyForDeploymentPostprocessing = 0;
			shellPath = /bin/sh;
			shellScript = "make -C /Users/zhuda/Desktop/CamBoard_pico_flexx/libroyale/libroyale-1.0.5.40-APPLE-64Bit/samples/sample2 -f /Users/zhuda/Desktop/CamBoard_pico_flexx/libroyale/libroyale-1.0.5.40-APPLE-64Bit/samples/sample2/CMakeScripts/ALL_BUILD_cmakeRulesBuildPhase.make$CONFIGURATION all";
			showEnvVarsInLog = 0;
		};
		8DC5CBAF5A064D7286DCB2B8 = {
			isa = PBXShellScriptBuildPhase;
			buildActionMask = 2147483647;
			files = (
			);
			inputPaths = (
			);
			outputPaths = (
			);
			runOnlyForDeploymentPostprocessing = 0;
			shellPath = /bin/sh;
			shellScript = "# shell script goes here
exit 0";
			showEnvVarsInLog = 0;
		};
		D44AAABC946D4761B02CDE2F = {
			isa = PBXShellScriptBuildPhase;
			buildActionMask = 2147483647;
			files = (
			);
			inputPaths = (
			);
			outputPaths = (
			);
			runOnlyForDeploymentPostprocessing = 0;
			shellPath = /bin/sh;
			shellScript = "# shell script goes here
exit 0";
			showEnvVarsInLog = 0;
		};
/* End PBXShellScriptBuildPhase section */

/* Begin PBXSourcesBuildPhase section */
		D86E5F1F51784ADABACC196F /* Sources */ = {
			isa = PBXSourcesBuildPhase;
			buildActionMask = 2147483647;
			files = (
				B32767057A5249BF8ED9270E /* /Users/zhuda/Desktop/CamBoard_pico_flexx/libroyale/libroyale-1.0.5.40-APPLE-64Bit/samples/sample2/sample2.cpp */,
			);
			runOnlyForDeploymentPostprocessing = 0;
		};
/* End PBXSourcesBuildPhase section */

/* Begin PBXTargetDependency section */
		0BAA452422664850B36A3844 /* PBXTargetDependency */ = {
			isa = PBXTargetDependency;
			target = 000FDFA1220E425F974180DA /* ZERO_CHECK */;
			targetProxy = CBCF8384DBC64B62B4B21612 /* PBXContainerItemProxy */;
		};
		7A15C814236348A0B6A611B9 /* PBXTargetDependency */ = {
			isa = PBXTargetDependency;
			target = C99EC1A647A24D0793042C46 /* sample2 */;
			targetProxy = 40C9B11085D24E0CBC3EAE96 /* PBXContainerItemProxy */;
		};
		C0F29824F2FC4AAD83FF6594 /* PBXTargetDependency */ = {
			isa = PBXTargetDependency;
			target = 000FDFA1220E425F974180DA /* ZERO_CHECK */;
			targetProxy = 483D30563A544B2E9325F048 /* PBXContainerItemProxy */;
		};
/* End PBXTargetDependency section */

/* Begin XCBuildConfiguration section */
		0ABC9069EE2B4C8E8CE730AC /* Debug */ = {
			isa = XCBuildConfiguration;
			buildSettings = {
				COMBINE_HIDPI_IMAGES = YES;
				GCC_GENERATE_DEBUGGING_SYMBOLS = YES;
				GCC_INLINES_ARE_PRIVATE_EXTERN = NO;
				GCC_OPTIMIZATION_LEVEL = 0;
				GCC_PREPROCESSOR_DEFINITIONS = ("'CMAKE_INTDIR=\"$(CONFIGURATION)$(EFFECTIVE_PLATFORM_NAME)\"'", );
				GCC_SYMBOLS_PRIVATE_EXTERN = NO;
				HEADER_SEARCH_PATHS = ("/Users/zhuda/Desktop/CamBoard_pico_flexx/libroyale/libroyale-1.0.5.40-APPLE-64Bit/include", );
				INSTALL_PATH = "";
				OTHER_LDFLAGS = " ";
				OTHER_REZFLAGS = "";
				PRODUCT_NAME = ALL_BUILD;
				SECTORDER_FLAGS = "";
				SYMROOT = "/Users/zhuda/Desktop/CamBoard_pico_flexx/libroyale/libroyale-1.0.5.40-APPLE-64Bit/samples/sample2";
				USE_HEADERMAP = NO;
				WARNING_CFLAGS = ("-Wmost", "-Wno-four-char-constants", "-Wno-unknown-pragmas", "$(inherited)", );
			};
			name = Debug;
		};
		10D2DADF653748F7AD8EF2B7 /* Release */ = {
			isa = XCBuildConfiguration;
			buildSettings = {
				COMBINE_HIDPI_IMAGES = YES;
				GCC_GENERATE_DEBUGGING_SYMBOLS = YES;
				GCC_INLINES_ARE_PRIVATE_EXTERN = NO;
				GCC_OPTIMIZATION_LEVEL = 0;
				GCC_PREPROCESSOR_DEFINITIONS = ("'CMAKE_INTDIR=\"$(CONFIGURATION)$(EFFECTIVE_PLATFORM_NAME)\"'", );
				GCC_SYMBOLS_PRIVATE_EXTERN = NO;
				HEADER_SEARCH_PATHS = ("/Users/zhuda/Desktop/CamBoard_pico_flexx/libroyale/libroyale-1.0.5.40-APPLE-64Bit/include", );
				INSTALL_PATH = "";
				OTHER_LDFLAGS = " ";
				OTHER_REZFLAGS = "";
				PRODUCT_NAME = ZERO_CHECK;
				SECTORDER_FLAGS = "";
				SYMROOT = "/Users/zhuda/Desktop/CamBoard_pico_flexx/libroyale/libroyale-1.0.5.40-APPLE-64Bit/samples/sample2";
				USE_HEADERMAP = NO;
				WARNING_CFLAGS = ("-Wmost", "-Wno-four-char-constants", "-Wno-unknown-pragmas", "$(inherited)", );
			};
			name = Release;
		};
		133CEF711B20458F8B5CBA85 /* MinSizeRel */ = {
			isa = XCBuildConfiguration;
			buildSettings = {
				COMBINE_HIDPI_IMAGES = YES;
				GCC_GENERATE_DEBUGGING_SYMBOLS = YES;
				GCC_INLINES_ARE_PRIVATE_EXTERN = NO;
				GCC_OPTIMIZATION_LEVEL = 0;
				GCC_PREPROCESSOR_DEFINITIONS = ("'CMAKE_INTDIR=\"$(CONFIGURATION)$(EFFECTIVE_PLATFORM_NAME)\"'", );
				GCC_SYMBOLS_PRIVATE_EXTERN = NO;
				HEADER_SEARCH_PATHS = ("/Users/zhuda/Desktop/CamBoard_pico_flexx/libroyale/libroyale-1.0.5.40-APPLE-64Bit/include", );
				INSTALL_PATH = "";
				OTHER_LDFLAGS = " ";
				OTHER_REZFLAGS = "";
				PRODUCT_NAME = ZERO_CHECK;
				SECTORDER_FLAGS = "";
				SYMROOT = "/Users/zhuda/Desktop/CamBoard_pico_flexx/libroyale/libroyale-1.0.5.40-APPLE-64Bit/samples/sample2";
				USE_HEADERMAP = NO;
				WARNING_CFLAGS = ("-Wmost", "-Wno-four-char-constants", "-Wno-unknown-pragmas", "$(inherited)", );
			};
			name = MinSizeRel;
		};
		1FB5CA93FE094DC695BE184B /* RelWithDebInfo */ = {
			isa = XCBuildConfiguration;
			buildSettings = {
				COMBINE_HIDPI_IMAGES = YES;
				GCC_GENERATE_DEBUGGING_SYMBOLS = YES;
				GCC_INLINES_ARE_PRIVATE_EXTERN = NO;
				GCC_OPTIMIZATION_LEVEL = 0;
				GCC_PREPROCESSOR_DEFINITIONS = ("'CMAKE_INTDIR=\"$(CONFIGURATION)$(EFFECTIVE_PLATFORM_NAME)\"'", );
				GCC_SYMBOLS_PRIVATE_EXTERN = NO;
				HEADER_SEARCH_PATHS = ("/Users/zhuda/Desktop/CamBoard_pico_flexx/libroyale/libroyale-1.0.5.40-APPLE-64Bit/include", );
				INSTALL_PATH = "";
				OTHER_LDFLAGS = " ";
				OTHER_REZFLAGS = "";
				PRODUCT_NAME = ZERO_CHECK;
				SECTORDER_FLAGS = "";
				SYMROOT = "/Users/zhuda/Desktop/CamBoard_pico_flexx/libroyale/libroyale-1.0.5.40-APPLE-64Bit/samples/sample2";
				USE_HEADERMAP = NO;
				WARNING_CFLAGS = ("-Wmost", "-Wno-four-char-constants", "-Wno-unknown-pragmas", "$(inherited)", );
			};
			name = RelWithDebInfo;
		};
		288181DC0DE744F297AA74FD /* Release */ = {
			isa = XCBuildConfiguration;
			buildSettings = {
				COMBINE_HIDPI_IMAGES = YES;
				EXECUTABLE_PREFIX = "";
				EXECUTABLE_SUFFIX = "";
				GCC_GENERATE_DEBUGGING_SYMBOLS = NO;
				GCC_INLINES_ARE_PRIVATE_EXTERN = NO;
				GCC_OPTIMIZATION_LEVEL = 3;
				GCC_PREPROCESSOR_DEFINITIONS = ("'CMAKE_INTDIR=\"$(CONFIGURATION)$(EFFECTIVE_PLATFORM_NAME)\"'", );
				GCC_SYMBOLS_PRIVATE_EXTERN = NO;
				HEADER_SEARCH_PATHS = ("/Users/zhuda/Desktop/CamBoard_pico_flexx/libroyale/libroyale-1.0.5.40-APPLE-64Bit/include", );
				INSTALL_PATH = "";
				LD_RUNPATH_SEARCH_PATHS = "/Users/zhuda/Desktop/CamBoard_pico_flexx/libroyale/libroyale-1.0.5.40-APPLE-64Bit/bin";
				LIBRARY_SEARCH_PATHS = " /Users/zhuda/Desktop/CamBoard_pico_flexx/libroyale/libroyale-1.0.5.40-APPLE-64Bit/bin/$(CONFIGURATION)$(EFFECTIVE_PLATFORM_NAME) /Users/zhuda/Desktop/CamBoard_pico_flexx/libroyale/libroyale-1.0.5.40-APPLE-64Bit/bin";
				OTHER_CPLUSPLUSFLAGS = " -Wno-deprecated -Wall -Wsign-compare -Wuninitialized -Wunused -Wno-deprecated-declarations -std=c++11     -DNDEBUG  ";
				OTHER_LDFLAGS = " -Wl,-search_paths_first -Wl,-headerpad_max_install_names  -lroyale";
				OTHER_REZFLAGS = "";
				PRODUCT_NAME = sample2;
				SECTORDER_FLAGS = "";
				SYMROOT = "/Users/zhuda/Desktop/CamBoard_pico_flexx/libroyale/libroyale-1.0.5.40-APPLE-64Bit/samples/sample2";
				USE_HEADERMAP = NO;
				WARNING_CFLAGS = ("-Wmost", "-Wno-four-char-constants", "-Wno-unknown-pragmas", "$(inherited)", );
			};
			name = Release;
		};
		2961B82E31A94961BA057573 /* Release */ = {
			isa = XCBuildConfiguration;
			buildSettings = {
				COMBINE_HIDPI_IMAGES = YES;
				GCC_GENERATE_DEBUGGING_SYMBOLS = YES;
				GCC_INLINES_ARE_PRIVATE_EXTERN = NO;
				GCC_OPTIMIZATION_LEVEL = 0;
				GCC_PREPROCESSOR_DEFINITIONS = ("'CMAKE_INTDIR=\"$(CONFIGURATION)$(EFFECTIVE_PLATFORM_NAME)\"'", );
				GCC_SYMBOLS_PRIVATE_EXTERN = NO;
				HEADER_SEARCH_PATHS = ("/Users/zhuda/Desktop/CamBoard_pico_flexx/libroyale/libroyale-1.0.5.40-APPLE-64Bit/include", );
				INSTALL_PATH = "";
				OTHER_LDFLAGS = " ";
				OTHER_REZFLAGS = "";
				PRODUCT_NAME = ALL_BUILD;
				SECTORDER_FLAGS = "";
				SYMROOT = "/Users/zhuda/Desktop/CamBoard_pico_flexx/libroyale/libroyale-1.0.5.40-APPLE-64Bit/samples/sample2";
				USE_HEADERMAP = NO;
				WARNING_CFLAGS = ("-Wmost", "-Wno-four-char-constants", "-Wno-unknown-pragmas", "$(inherited)", );
			};
			name = Release;
		};
		2DF18F34744240BAA0AE675E /* Release */ = {
			isa = XCBuildConfiguration;
			buildSettings = {
				MACOSX_DEPLOYMENT_TARGET = 10.10;
				ONLY_ACTIVE_ARCH = YES;
				SDKROOT = /Applications/Xcode.app/Contents/Developer/Platforms/MacOSX.platform/Developer/SDKs/MacOSX10.11.sdk;
				SYMROOT = "/Users/zhuda/Desktop/CamBoard_pico_flexx/libroyale/libroyale-1.0.5.40-APPLE-64Bit/samples/sample2/build";
			};
			name = Release;
		};
		42876BF839FE4F96B7270811 /* Debug */ = {
			isa = XCBuildConfiguration;
			buildSettings = {
				MACOSX_DEPLOYMENT_TARGET = 10.10;
				ONLY_ACTIVE_ARCH = YES;
				SDKROOT = /Applications/Xcode.app/Contents/Developer/Platforms/MacOSX.platform/Developer/SDKs/MacOSX10.11.sdk;
				SYMROOT = "/Users/zhuda/Desktop/CamBoard_pico_flexx/libroyale/libroyale-1.0.5.40-APPLE-64Bit/samples/sample2/build";
			};
			name = Debug;
		};
		6764AB873E7D4C968388C2F4 /* MinSizeRel */ = {
			isa = XCBuildConfiguration;
			buildSettings = {
				COMBINE_HIDPI_IMAGES = YES;
				GCC_GENERATE_DEBUGGING_SYMBOLS = YES;
				GCC_INLINES_ARE_PRIVATE_EXTERN = NO;
				GCC_OPTIMIZATION_LEVEL = 0;
				GCC_PREPROCESSOR_DEFINITIONS = ("'CMAKE_INTDIR=\"$(CONFIGURATION)$(EFFECTIVE_PLATFORM_NAME)\"'", );
				GCC_SYMBOLS_PRIVATE_EXTERN = NO;
				HEADER_SEARCH_PATHS = ("/Users/zhuda/Desktop/CamBoard_pico_flexx/libroyale/libroyale-1.0.5.40-APPLE-64Bit/include", );
				INSTALL_PATH = "";
				OTHER_LDFLAGS = " ";
				OTHER_REZFLAGS = "";
				PRODUCT_NAME = ALL_BUILD;
				SECTORDER_FLAGS = "";
				SYMROOT = "/Users/zhuda/Desktop/CamBoard_pico_flexx/libroyale/libroyale-1.0.5.40-APPLE-64Bit/samples/sample2";
				USE_HEADERMAP = NO;
				WARNING_CFLAGS = ("-Wmost", "-Wno-four-char-constants", "-Wno-unknown-pragmas", "$(inherited)", );
			};
			name = MinSizeRel;
		};
		903E8CD891E5412E990BC67D /* RelWithDebInfo */ = {
			isa = XCBuildConfiguration;
			buildSettings = {
				COMBINE_HIDPI_IMAGES = YES;
				GCC_GENERATE_DEBUGGING_SYMBOLS = YES;
				GCC_INLINES_ARE_PRIVATE_EXTERN = NO;
				GCC_OPTIMIZATION_LEVEL = 0;
				GCC_PREPROCESSOR_DEFINITIONS = ("'CMAKE_INTDIR=\"$(CONFIGURATION)$(EFFECTIVE_PLATFORM_NAME)\"'", );
				GCC_SYMBOLS_PRIVATE_EXTERN = NO;
				HEADER_SEARCH_PATHS = ("/Users/zhuda/Desktop/CamBoard_pico_flexx/libroyale/libroyale-1.0.5.40-APPLE-64Bit/include", );
				INSTALL_PATH = "";
				OTHER_LDFLAGS = " ";
				OTHER_REZFLAGS = "";
				PRODUCT_NAME = ALL_BUILD;
				SECTORDER_FLAGS = "";
				SYMROOT = "/Users/zhuda/Desktop/CamBoard_pico_flexx/libroyale/libroyale-1.0.5.40-APPLE-64Bit/samples/sample2";
				USE_HEADERMAP = NO;
				WARNING_CFLAGS = ("-Wmost", "-Wno-four-char-constants", "-Wno-unknown-pragmas", "$(inherited)", );
			};
			name = RelWithDebInfo;
		};
		91A9A606BFAB4DD19C71488B /* MinSizeRel */ = {
			isa = XCBuildConfiguration;
			buildSettings = {
				COMBINE_HIDPI_IMAGES = YES;
				EXECUTABLE_PREFIX = "";
				EXECUTABLE_SUFFIX = "";
				GCC_GENERATE_DEBUGGING_SYMBOLS = NO;
				GCC_INLINES_ARE_PRIVATE_EXTERN = NO;
				GCC_OPTIMIZATION_LEVEL = s;
				GCC_PREPROCESSOR_DEFINITIONS = ("'CMAKE_INTDIR=\"$(CONFIGURATION)$(EFFECTIVE_PLATFORM_NAME)\"'", );
				GCC_SYMBOLS_PRIVATE_EXTERN = NO;
				HEADER_SEARCH_PATHS = ("/Users/zhuda/Desktop/CamBoard_pico_flexx/libroyale/libroyale-1.0.5.40-APPLE-64Bit/include", );
				INSTALL_PATH = "";
				LD_RUNPATH_SEARCH_PATHS = "/Users/zhuda/Desktop/CamBoard_pico_flexx/libroyale/libroyale-1.0.5.40-APPLE-64Bit/bin";
				LIBRARY_SEARCH_PATHS = " /Users/zhuda/Desktop/CamBoard_pico_flexx/libroyale/libroyale-1.0.5.40-APPLE-64Bit/bin/$(CONFIGURATION)$(EFFECTIVE_PLATFORM_NAME) /Users/zhuda/Desktop/CamBoard_pico_flexx/libroyale/libroyale-1.0.5.40-APPLE-64Bit/bin";
				OTHER_CPLUSPLUSFLAGS = " -Wno-deprecated -Wall -Wsign-compare -Wuninitialized -Wunused -Wno-deprecated-declarations -std=c++11     -DNDEBUG  ";
				OTHER_LDFLAGS = " -Wl,-search_paths_first -Wl,-headerpad_max_install_names  -lroyale";
				OTHER_REZFLAGS = "";
				PRODUCT_NAME = sample2;
				SECTORDER_FLAGS = "";
				SYMROOT = "/Users/zhuda/Desktop/CamBoard_pico_flexx/libroyale/libroyale-1.0.5.40-APPLE-64Bit/samples/sample2";
				USE_HEADERMAP = NO;
				WARNING_CFLAGS = ("-Wmost", "-Wno-four-char-constants", "-Wno-unknown-pragmas", "$(inherited)", );
			};
			name = MinSizeRel;
		};
		9A8C9FF01E0F42CD9509D31A /* Debug */ = {
			isa = XCBuildConfiguration;
			buildSettings = {
				COMBINE_HIDPI_IMAGES = YES;
				GCC_GENERATE_DEBUGGING_SYMBOLS = YES;
				GCC_INLINES_ARE_PRIVATE_EXTERN = NO;
				GCC_OPTIMIZATION_LEVEL = 0;
				GCC_PREPROCESSOR_DEFINITIONS = ("'CMAKE_INTDIR=\"$(CONFIGURATION)$(EFFECTIVE_PLATFORM_NAME)\"'", );
				GCC_SYMBOLS_PRIVATE_EXTERN = NO;
				HEADER_SEARCH_PATHS = ("/Users/zhuda/Desktop/CamBoard_pico_flexx/libroyale/libroyale-1.0.5.40-APPLE-64Bit/include", );
				INSTALL_PATH = "";
				OTHER_LDFLAGS = " ";
				OTHER_REZFLAGS = "";
				PRODUCT_NAME = ZERO_CHECK;
				SECTORDER_FLAGS = "";
				SYMROOT = "/Users/zhuda/Desktop/CamBoard_pico_flexx/libroyale/libroyale-1.0.5.40-APPLE-64Bit/samples/sample2";
				USE_HEADERMAP = NO;
				WARNING_CFLAGS = ("-Wmost", "-Wno-four-char-constants", "-Wno-unknown-pragmas", "$(inherited)", );
			};
			name = Debug;
		};
		9ED5A57496E744E3ACE6E25F /* Debug */ = {
			isa = XCBuildConfiguration;
			buildSettings = {
				COMBINE_HIDPI_IMAGES = YES;
				EXECUTABLE_PREFIX = "";
				EXECUTABLE_SUFFIX = "";
				GCC_GENERATE_DEBUGGING_SYMBOLS = YES;
				GCC_INLINES_ARE_PRIVATE_EXTERN = NO;
				GCC_OPTIMIZATION_LEVEL = 0;
				GCC_PREPROCESSOR_DEFINITIONS = ("'CMAKE_INTDIR=\"$(CONFIGURATION)$(EFFECTIVE_PLATFORM_NAME)\"'", );
				GCC_SYMBOLS_PRIVATE_EXTERN = NO;
				HEADER_SEARCH_PATHS = ("/Users/zhuda/Desktop/CamBoard_pico_flexx/libroyale/libroyale-1.0.5.40-APPLE-64Bit/include", );
				INSTALL_PATH = "";
				LD_RUNPATH_SEARCH_PATHS = "/Users/zhuda/Desktop/CamBoard_pico_flexx/libroyale/libroyale-1.0.5.40-APPLE-64Bit/bin";
				LIBRARY_SEARCH_PATHS = " /Users/zhuda/Desktop/CamBoard_pico_flexx/libroyale/libroyale-1.0.5.40-APPLE-64Bit/bin/$(CONFIGURATION)$(EFFECTIVE_PLATFORM_NAME) /Users/zhuda/Desktop/CamBoard_pico_flexx/libroyale/libroyale-1.0.5.40-APPLE-64Bit/bin";
				OTHER_CPLUSPLUSFLAGS = " -Wno-deprecated -Wall -Wsign-compare -Wuninitialized -Wunused -Wno-deprecated-declarations -std=c++11     ";
				OTHER_LDFLAGS = " -Wl,-search_paths_first -Wl,-headerpad_max_install_names  -lroyale";
				OTHER_REZFLAGS = "";
				PRODUCT_NAME = sample2;
				SECTORDER_FLAGS = "";
				SYMROOT = "/Users/zhuda/Desktop/CamBoard_pico_flexx/libroyale/libroyale-1.0.5.40-APPLE-64Bit/samples/sample2";
				USE_HEADERMAP = NO;
				WARNING_CFLAGS = ("-Wmost", "-Wno-four-char-constants", "-Wno-unknown-pragmas", "$(inherited)", );
			};
			name = Debug;
		};
		A9620D090A634627B74A1E23 /* RelWithDebInfo */ = {
			isa = XCBuildConfiguration;
			buildSettings = {
				MACOSX_DEPLOYMENT_TARGET = 10.10;
				ONLY_ACTIVE_ARCH = YES;
				SDKROOT = /Applications/Xcode.app/Contents/Developer/Platforms/MacOSX.platform/Developer/SDKs/MacOSX10.11.sdk;
				SYMROOT = "/Users/zhuda/Desktop/CamBoard_pico_flexx/libroyale/libroyale-1.0.5.40-APPLE-64Bit/samples/sample2/build";
			};
			name = RelWithDebInfo;
		};
		C108056DC638447A800C47D8 /* RelWithDebInfo */ = {
			isa = XCBuildConfiguration;
			buildSettings = {
				COMBINE_HIDPI_IMAGES = YES;
				EXECUTABLE_PREFIX = "";
				EXECUTABLE_SUFFIX = "";
				GCC_GENERATE_DEBUGGING_SYMBOLS = YES;
				GCC_INLINES_ARE_PRIVATE_EXTERN = NO;
				GCC_OPTIMIZATION_LEVEL = 2;
				GCC_PREPROCESSOR_DEFINITIONS = ("'CMAKE_INTDIR=\"$(CONFIGURATION)$(EFFECTIVE_PLATFORM_NAME)\"'", );
				GCC_SYMBOLS_PRIVATE_EXTERN = NO;
				HEADER_SEARCH_PATHS = ("/Users/zhuda/Desktop/CamBoard_pico_flexx/libroyale/libroyale-1.0.5.40-APPLE-64Bit/include", );
				INSTALL_PATH = "";
				LD_RUNPATH_SEARCH_PATHS = "/Users/zhuda/Desktop/CamBoard_pico_flexx/libroyale/libroyale-1.0.5.40-APPLE-64Bit/bin";
				LIBRARY_SEARCH_PATHS = " /Users/zhuda/Desktop/CamBoard_pico_flexx/libroyale/libroyale-1.0.5.40-APPLE-64Bit/bin/$(CONFIGURATION)$(EFFECTIVE_PLATFORM_NAME) /Users/zhuda/Desktop/CamBoard_pico_flexx/libroyale/libroyale-1.0.5.40-APPLE-64Bit/bin";
				OTHER_CPLUSPLUSFLAGS = " -Wno-deprecated -Wall -Wsign-compare -Wuninitialized -Wunused -Wno-deprecated-declarations -std=c++11        -DNDEBUG  ";
				OTHER_LDFLAGS = " -Wl,-search_paths_first -Wl,-headerpad_max_install_names  -lroyale";
				OTHER_REZFLAGS = "";
				PRODUCT_NAME = sample2;
				SECTORDER_FLAGS = "";
				SYMROOT = "/Users/zhuda/Desktop/CamBoard_pico_flexx/libroyale/libroyale-1.0.5.40-APPLE-64Bit/samples/sample2";
				USE_HEADERMAP = NO;
				WARNING_CFLAGS = ("-Wmost", "-Wno-four-char-constants", "-Wno-unknown-pragmas", "$(inherited)", );
			};
			name = RelWithDebInfo;
		};
		EBE385ED53EB45BBB445509F /* MinSizeRel */ = {
			isa = XCBuildConfiguration;
			buildSettings = {
				MACOSX_DEPLOYMENT_TARGET = 10.10;
				ONLY_ACTIVE_ARCH = YES;
				SDKROOT = /Applications/Xcode.app/Contents/Developer/Platforms/MacOSX.platform/Developer/SDKs/MacOSX10.11.sdk;
				SYMROOT = "/Users/zhuda/Desktop/CamBoard_pico_flexx/libroyale/libroyale-1.0.5.40-APPLE-64Bit/samples/sample2/build";
			};
			name = MinSizeRel;
		};
/* End XCBuildConfiguration section */

/* Begin XCConfigurationList section */
		108CF29FB187404D8AB9E16E /* Build configuration list for PBXAggregateTarget "ALL_BUILD" */ = {
			isa = XCConfigurationList;
			buildConfigurations = (
				0ABC9069EE2B4C8E8CE730AC /* Debug */,
				2961B82E31A94961BA057573 /* Release */,
				6764AB873E7D4C968388C2F4 /* MinSizeRel */,
				903E8CD891E5412E990BC67D /* RelWithDebInfo */,
			);
			defaultConfigurationIsVisible = 0;
			defaultConfigurationName = Debug;
		};
		16803579E66F4364895A01B1 /* Build configuration list for PBXAggregateTarget "ZERO_CHECK" */ = {
			isa = XCConfigurationList;
			buildConfigurations = (
				9A8C9FF01E0F42CD9509D31A /* Debug */,
				10D2DADF653748F7AD8EF2B7 /* Release */,
				133CEF711B20458F8B5CBA85 /* MinSizeRel */,
				1FB5CA93FE094DC695BE184B /* RelWithDebInfo */,
			);
			defaultConfigurationIsVisible = 0;
			defaultConfigurationName = Debug;
		};
		C1DC9FAEA6DE4A40ACC829F9 /* Build configuration list for PBXNativeTarget "sample2" */ = {
			isa = XCConfigurationList;
			buildConfigurations = (
				9ED5A57496E744E3ACE6E25F /* Debug */,
				288181DC0DE744F297AA74FD /* Release */,
				91A9A606BFAB4DD19C71488B /* MinSizeRel */,
				C108056DC638447A800C47D8 /* RelWithDebInfo */,
			);
			defaultConfigurationIsVisible = 0;
			defaultConfigurationName = Debug;
		};
		DC5CFF93D3D34C34AF2748C1 /* Build configuration list for PBXProject "sample2" */ = {
			isa = XCConfigurationList;
			buildConfigurations = (
				42876BF839FE4F96B7270811 /* Debug */,
				2DF18F34744240BAA0AE675E /* Release */,
				EBE385ED53EB45BBB445509F /* MinSizeRel */,
				A9620D090A634627B74A1E23 /* RelWithDebInfo */,
			);
			defaultConfigurationIsVisible = 0;
			defaultConfigurationName = Debug;
		};
/* End XCConfigurationList section */
	};
	rootObject = 00F0574F7D524E89BDCDC08B /* Project object */;
}
